
Microsoft Visual Studio Solution File, Format Version 12.00
# Visual Studio 14
VisualStudioVersion = 14.0.23107.0
MinimumVisualStudioVersion = 10.0.40219.1
Project("{FAE04EC0-301F-11D3-BF4B-00C04F79EFBC}") = "OpenNos.Login", "OpenNos.Login\OpenNos.Login.csproj", "{AB3A47F3-3B2A-484A-B768-7C6CF5C83386}"
EndProject
Project("{FAE04EC0-301F-11D3-BF4B-00C04F79EFBC}") = "OpenNos.DAL", "OpenNos.DAL\OpenNos.DAL.csproj", "{D8C8A266-3D46-42C5-A492-28C75DB85BA8}"
EndProject
Project("{FAE04EC0-301F-11D3-BF4B-00C04F79EFBC}") = "OpenNos.DAL.EF.MySQL", "OpenNos.DAL.EF.MySQL\OpenNos.DAL.EF.MySQL.csproj", "{4AECC47D-098A-4493-8E1E-D10EDBB7A189}"
EndProject
Project("{FAE04EC0-301F-11D3-BF4B-00C04F79EFBC}") = "OpenNos.DAL.Interface", "OpenNos.DAL.Interface\OpenNos.DAL.Interface.csproj", "{175C851B-8DC8-43A5-AF93-AF32D106CD77}"
EndProject
Project("{FAE04EC0-301F-11D3-BF4B-00C04F79EFBC}") = "OpenNos.Domain", "OpenNos.Domain\OpenNos.Domain.csproj", "{20ADDDDD-DAD9-44F3-9BEB-026C73090660}"
EndProject
Project("{FAE04EC0-301F-11D3-BF4B-00C04F79EFBC}") = "OpenNos.Data", "OpenNos.Data\OpenNos.Data.csproj", "{F1071DED-3D92-4416-9B9C-8664441ADE64}"
EndProject
Project("{FAE04EC0-301F-11D3-BF4B-00C04F79EFBC}") = "OpenNos.Core", "OpenNos.Core\OpenNos.Core.csproj", "{C93A0A40-0551-4732-B594-171B87679AC1}"
EndProject
Project("{FAE04EC0-301F-11D3-BF4B-00C04F79EFBC}") = "OpenNos.Handler", "OpenNos.Handler\OpenNos.Handler.csproj", "{A6748A8D-0D96-41B9-A110-DBF692AFC56D}"
EndProject
Global
	GlobalSection(SolutionConfigurationPlatforms) = preSolution
		Debug|Any CPU = Debug|Any CPU
		Debug|x86 = Debug|x86
		Release|Any CPU = Release|Any CPU
		Release|x86 = Release|x86
	EndGlobalSection
	GlobalSection(ProjectConfigurationPlatforms) = postSolution
		{AB3A47F3-3B2A-484A-B768-7C6CF5C83386}.Debug|Any CPU.ActiveCfg = FR|x86
		{AB3A47F3-3B2A-484A-B768-7C6CF5C83386}.Debug|Any CPU.Build.0 = FR|x86
		{AB3A47F3-3B2A-484A-B768-7C6CF5C83386}.Debug|x86.ActiveCfg = Debug|x86
		{AB3A47F3-3B2A-484A-B768-7C6CF5C83386}.Debug|x86.Build.0 = Debug|x86
		{AB3A47F3-3B2A-484A-B768-7C6CF5C83386}.Release|Any CPU.ActiveCfg = Release|x86
		{AB3A47F3-3B2A-484A-B768-7C6CF5C83386}.Release|x86.ActiveCfg = Release|x86
		{AB3A47F3-3B2A-484A-B768-7C6CF5C83386}.Release|x86.Build.0 = Release|x86
		{D8C8A266-3D46-42C5-A492-28C75DB85BA8}.Debug|Any CPU.ActiveCfg = Debug|Any CPU
		{D8C8A266-3D46-42C5-A492-28C75DB85BA8}.Debug|Any CPU.Build.0 = Debug|Any CPU
		{D8C8A266-3D46-42C5-A492-28C75DB85BA8}.Debug|x86.ActiveCfg = Debug|Any CPU
		{D8C8A266-3D46-42C5-A492-28C75DB85BA8}.Debug|x86.Build.0 = Debug|Any CPU
		{D8C8A266-3D46-42C5-A492-28C75DB85BA8}.Release|Any CPU.ActiveCfg = Release|Any CPU
		{D8C8A266-3D46-42C5-A492-28C75DB85BA8}.Release|Any CPU.Build.0 = Release|Any CPU
		{D8C8A266-3D46-42C5-A492-28C75DB85BA8}.Release|x86.ActiveCfg = Release|Any CPU
		{D8C8A266-3D46-42C5-A492-28C75DB85BA8}.Release|x86.Build.0 = Release|Any CPU
		{4AECC47D-098A-4493-8E1E-D10EDBB7A189}.Debug|Any CPU.ActiveCfg = Debug|Any CPU
		{4AECC47D-098A-4493-8E1E-D10EDBB7A189}.Debug|Any CPU.Build.0 = Debug|Any CPU
		{4AECC47D-098A-4493-8E1E-D10EDBB7A189}.Debug|x86.ActiveCfg = Debug|Any CPU
		{4AECC47D-098A-4493-8E1E-D10EDBB7A189}.Debug|x86.Build.0 = Debug|Any CPU
		{4AECC47D-098A-4493-8E1E-D10EDBB7A189}.Release|Any CPU.ActiveCfg = Release|Any CPU
		{4AECC47D-098A-4493-8E1E-D10EDBB7A189}.Release|Any CPU.Build.0 = Release|Any CPU
		{4AECC47D-098A-4493-8E1E-D10EDBB7A189}.Release|x86.ActiveCfg = Release|Any CPU
		{4AECC47D-098A-4493-8E1E-D10EDBB7A189}.Release|x86.Build.0 = Release|Any CPU
		{175C851B-8DC8-43A5-AF93-AF32D106CD77}.Debug|Any CPU.ActiveCfg = Debug|Any CPU
		{175C851B-8DC8-43A5-AF93-AF32D106CD77}.Debug|Any CPU.Build.0 = Debug|Any CPU
		{175C851B-8DC8-43A5-AF93-AF32D106CD77}.Debug|x86.ActiveCfg = Debug|Any CPU
		{175C851B-8DC8-43A5-AF93-AF32D106CD77}.Debug|x86.Build.0 = Debug|Any CPU
		{175C851B-8DC8-43A5-AF93-AF32D106CD77}.Release|Any CPU.ActiveCfg = Release|Any CPU
		{175C851B-8DC8-43A5-AF93-AF32D106CD77}.Release|Any CPU.Build.0 = Release|Any CPU
		{175C851B-8DC8-43A5-AF93-AF32D106CD77}.Release|x86.ActiveCfg = Release|Any CPU
		{175C851B-8DC8-43A5-AF93-AF32D106CD77}.Release|x86.Build.0 = Release|Any CPU
		{20ADDDDD-DAD9-44F3-9BEB-026C73090660}.Debug|Any CPU.ActiveCfg = Debug|Any CPU
		{20ADDDDD-DAD9-44F3-9BEB-026C73090660}.Debug|Any CPU.Build.0 = Debug|Any CPU
		{20ADDDDD-DAD9-44F3-9BEB-026C73090660}.Debug|x86.ActiveCfg = Debug|Any CPU
		{20ADDDDD-DAD9-44F3-9BEB-026C73090660}.Debug|x86.Build.0 = Debug|Any CPU
		{20ADDDDD-DAD9-44F3-9BEB-026C73090660}.Release|Any CPU.ActiveCfg = Release|Any CPU
		{20ADDDDD-DAD9-44F3-9BEB-026C73090660}.Release|Any CPU.Build.0 = Release|Any CPU
		{20ADDDDD-DAD9-44F3-9BEB-026C73090660}.Release|x86.ActiveCfg = Release|Any CPU
		{20ADDDDD-DAD9-44F3-9BEB-026C73090660}.Release|x86.Build.0 = Release|Any CPU
		{F1071DED-3D92-4416-9B9C-8664441ADE64}.Debug|Any CPU.ActiveCfg = Debug|Any CPU
		{F1071DED-3D92-4416-9B9C-8664441ADE64}.Debug|Any CPU.Build.0 = Debug|Any CPU
		{F1071DED-3D92-4416-9B9C-8664441ADE64}.Debug|x86.ActiveCfg = Debug|Any CPU
		{F1071DED-3D92-4416-9B9C-8664441ADE64}.Debug|x86.Build.0 = Debug|Any CPU
		{F1071DED-3D92-4416-9B9C-8664441ADE64}.Release|Any CPU.ActiveCfg = Release|Any CPU
		{F1071DED-3D92-4416-9B9C-8664441ADE64}.Release|Any CPU.Build.0 = Release|Any CPU
		{F1071DED-3D92-4416-9B9C-8664441ADE64}.Release|x86.ActiveCfg = Release|Any CPU
		{F1071DED-3D92-4416-9B9C-8664441ADE64}.Release|x86.Build.0 = Release|Any CPU
		{C93A0A40-0551-4732-B594-171B87679AC1}.Debug|Any CPU.ActiveCfg = Debug|Any CPU
		{C93A0A40-0551-4732-B594-171B87679AC1}.Debug|Any CPU.Build.0 = Debug|Any CPU
		{C93A0A40-0551-4732-B594-171B87679AC1}.Debug|x86.ActiveCfg = Debug|Any CPU
		{C93A0A40-0551-4732-B594-171B87679AC1}.Debug|x86.Build.0 = Debug|Any CPU
		{C93A0A40-0551-4732-B594-171B87679AC1}.Release|Any CPU.ActiveCfg = Release|Any CPU
		{C93A0A40-0551-4732-B594-171B87679AC1}.Release|Any CPU.Build.0 = Release|Any CPU
		{C93A0A40-0551-4732-B594-171B87679AC1}.Release|x86.ActiveCfg = Release|Any CPU
		{C93A0A40-0551-4732-B594-171B87679AC1}.Release|x86.Build.0 = Release|Any CPU
		{A6748A8D-0D96-41B9-A110-DBF692AFC56D}.Debug|Any CPU.ActiveCfg = Debug|Any CPU
		{A6748A8D-0D96-41B9-A110-DBF692AFC56D}.Debug|Any CPU.Build.0 = Debug|Any CPU
		{A6748A8D-0D96-41B9-A110-DBF692AFC56D}.Debug|x86.ActiveCfg = Debug|Any CPU
		{A6748A8D-0D96-41B9-A110-DBF692AFC56D}.Debug|x86.Build.0 = Debug|Any CPU
		{A6748A8D-0D96-41B9-A110-DBF692AFC56D}.Release|Any CPU.ActiveCfg = Release|Any CPU
		{A6748A8D-0D96-41B9-A110-DBF692AFC56D}.Release|Any CPU.Build.0 = Release|Any CPU
		{A6748A8D-0D96-41B9-A110-DBF692AFC56D}.Release|x86.ActiveCfg = Release|Any CPU
		{A6748A8D-0D96-41B9-A110-DBF692AFC56D}.Release|x86.Build.0 = Release|Any CPU
	EndGlobalSection
	GlobalSection(SolutionProperties) = preSolution
		HideSolutionNode = FALSE
	EndGlobalSection
EndGlobal
