
Microsoft Visual Studio Solution File, Format Version 12.00
# Visual Studio 15
VisualStudioVersion = 15.0.26430.14
MinimumVisualStudioVersion = 10.0.40219.1
Project("{FAE04EC0-301F-11D3-BF4B-00C04F79EFBC}") = "OpenNos.Login", "OpenNos.Login\OpenNos.Login.csproj", "{AB3A47F3-3B2A-484A-B768-7C6CF5C83386}"
EndProject
Project("{FAE04EC0-301F-11D3-BF4B-00C04F79EFBC}") = "OpenNos.DAL", "OpenNos.DAL\OpenNos.DAL.csproj", "{D8C8A266-3D46-42C5-A492-28C75DB85BA8}"
EndProject
Project("{FAE04EC0-301F-11D3-BF4B-00C04F79EFBC}") = "OpenNos.DAL.Interface", "OpenNos.DAL.Interface\OpenNos.DAL.Interface.csproj", "{175C851B-8DC8-43A5-AF93-AF32D106CD77}"
EndProject
Project("{FAE04EC0-301F-11D3-BF4B-00C04F79EFBC}") = "OpenNos.Domain", "OpenNos.Domain\OpenNos.Domain.csproj", "{20ADDDDD-DAD9-44F3-9BEB-026C73090660}"
EndProject
Project("{FAE04EC0-301F-11D3-BF4B-00C04F79EFBC}") = "OpenNos.Data", "OpenNos.Data\OpenNos.Data.csproj", "{F1071DED-3D92-4416-9B9C-8664441ADE64}"
EndProject
Project("{FAE04EC0-301F-11D3-BF4B-00C04F79EFBC}") = "OpenNos.Core", "OpenNos.Core\OpenNos.Core.csproj", "{C93A0A40-0551-4732-B594-171B87679AC1}"
EndProject
Project("{FAE04EC0-301F-11D3-BF4B-00C04F79EFBC}") = "OpenNos.Handler", "OpenNos.Handler\OpenNos.Handler.csproj", "{A6748A8D-0D96-41B9-A110-DBF692AFC56D}"
EndProject
Project("{FAE04EC0-301F-11D3-BF4B-00C04F79EFBC}") = "OpenNos.World", "OpenNos.World\OpenNos.World.csproj", "{EC300279-181E-4E6E-A94C-E8BAF0EAB2AD}"
EndProject
Project("{FAE04EC0-301F-11D3-BF4B-00C04F79EFBC}") = "OpenNos.GameObject", "OpenNos.GameObject\OpenNos.GameObject.csproj", "{EADD17BE-20A4-4589-830E-E41BE9314928}"
EndProject
Project("{FAE04EC0-301F-11D3-BF4B-00C04F79EFBC}") = "OpenNos.Import.Console", "OpenNos.Import.Console\OpenNos.Import.Console.csproj", "{C2D0CDB2-FDF9-4D33-A9C4-424E765F41C6}"
EndProject
Project("{FAE04EC0-301F-11D3-BF4B-00C04F79EFBC}") = "OpenNos.Test", "OpenNos.Test\OpenNos.Test.csproj", "{0D203877-3001-480D-AF8D-FEB33063768D}"
EndProject
Project("{FAE04EC0-301F-11D3-BF4B-00C04F79EFBC}") = "OpenNos.GameObject.Mock", "OpenNos.GameObject.Mock\OpenNos.GameObject.Mock.csproj", "{DC71A6A7-AD0E-4CB0-A2DC-3A79B49BF867}"
EndProject
Project("{FAE04EC0-301F-11D3-BF4B-00C04F79EFBC}") = "OpenNos.DAL.Mock", "OpenNos.DAL.Mock\OpenNos.DAL.Mock.csproj", "{17391A4A-68FD-49C9-87EA-61CF0B30934B}"
EndProject
Project("{FAE04EC0-301F-11D3-BF4B-00C04F79EFBC}") = "OpenNos.DAL.EF", "OpenNos.DAL.EF\OpenNos.DAL.EF.csproj", "{4AECC47D-098A-4493-8E1E-D10EDBB7A189}"
EndProject
Project("{FAE04EC0-301F-11D3-BF4B-00C04F79EFBC}") = "OpenNos.PathFinder", "OpenNos.PathFinder\OpenNos.PathFinder.csproj", "{4BC2B4B0-2A38-4274-98A2-37CEF5F03B42}"
EndProject
Project("{FAE04EC0-301F-11D3-BF4B-00C04F79EFBC}") = "OpenNos.Master.Server", "OpenNos.Master.Server\OpenNos.Master.Server.csproj", "{9AA91BF5-88E7-4130-9F42-73AE206E2916}"
EndProject
Project("{FAE04EC0-301F-11D3-BF4B-00C04F79EFBC}") = "OpenNos.Master.Library", "OpenNos.Master.Library\OpenNos.Master.Library.csproj", "{8FABDA5B-C873-4E32-A78F-08A9A4768595}"
EndProject
Global
	GlobalSection(SolutionConfigurationPlatforms) = preSolution
		Debug_DE|Any CPU = Debug_DE|Any CPU
		Debug_DE|x64 = Debug_DE|x64
		Debug_DE|x86 = Debug_DE|x86
		Debug_FR|Any CPU = Debug_FR|Any CPU
		Debug_FR|x64 = Debug_FR|x64
		Debug_FR|x86 = Debug_FR|x86
		Debug_IT|Any CPU = Debug_IT|Any CPU
		Debug_IT|x64 = Debug_IT|x64
		Debug_IT|x86 = Debug_IT|x86
		Debug_PL|Any CPU = Debug_PL|Any CPU
		Debug_PL|x64 = Debug_PL|x64
		Debug_PL|x86 = Debug_PL|x86
		Debug_TH|Any CPU = Debug_TH|Any CPU
		Debug_TH|x64 = Debug_TH|x64
		Debug_TH|x86 = Debug_TH|x86
		Debug|Any CPU = Debug|Any CPU
		Debug|x64 = Debug|x64
		Debug|x86 = Debug|x86
		Release|Any CPU = Release|Any CPU
		Release|x64 = Release|x64
		Release|x86 = Release|x86
	EndGlobalSection
	GlobalSection(ProjectConfigurationPlatforms) = postSolution
		{AB3A47F3-3B2A-484A-B768-7C6CF5C83386}.Debug_DE|Any CPU.ActiveCfg = DE|Any CPU
		{AB3A47F3-3B2A-484A-B768-7C6CF5C83386}.Debug_DE|Any CPU.Build.0 = DE|Any CPU
		{AB3A47F3-3B2A-484A-B768-7C6CF5C83386}.Debug_DE|x64.ActiveCfg = DE|x64
		{AB3A47F3-3B2A-484A-B768-7C6CF5C83386}.Debug_DE|x64.Build.0 = DE|x64
		{AB3A47F3-3B2A-484A-B768-7C6CF5C83386}.Debug_DE|x86.ActiveCfg = DE|x86
		{AB3A47F3-3B2A-484A-B768-7C6CF5C83386}.Debug_DE|x86.Build.0 = DE|x86
		{AB3A47F3-3B2A-484A-B768-7C6CF5C83386}.Debug_FR|Any CPU.ActiveCfg = FR|Any CPU
		{AB3A47F3-3B2A-484A-B768-7C6CF5C83386}.Debug_FR|Any CPU.Build.0 = FR|Any CPU
		{AB3A47F3-3B2A-484A-B768-7C6CF5C83386}.Debug_FR|x64.ActiveCfg = FR|x64
		{AB3A47F3-3B2A-484A-B768-7C6CF5C83386}.Debug_FR|x64.Build.0 = FR|x64
		{AB3A47F3-3B2A-484A-B768-7C6CF5C83386}.Debug_FR|x86.ActiveCfg = FR|x86
		{AB3A47F3-3B2A-484A-B768-7C6CF5C83386}.Debug_FR|x86.Build.0 = FR|x86
		{AB3A47F3-3B2A-484A-B768-7C6CF5C83386}.Debug_IT|Any CPU.ActiveCfg = IT|Any CPU
		{AB3A47F3-3B2A-484A-B768-7C6CF5C83386}.Debug_IT|Any CPU.Build.0 = IT|Any CPU
		{AB3A47F3-3B2A-484A-B768-7C6CF5C83386}.Debug_IT|x64.ActiveCfg = IT|x64
		{AB3A47F3-3B2A-484A-B768-7C6CF5C83386}.Debug_IT|x64.Build.0 = IT|x64
		{AB3A47F3-3B2A-484A-B768-7C6CF5C83386}.Debug_IT|x86.ActiveCfg = IT|x86
		{AB3A47F3-3B2A-484A-B768-7C6CF5C83386}.Debug_IT|x86.Build.0 = IT|x86
		{AB3A47F3-3B2A-484A-B768-7C6CF5C83386}.Debug_PL|Any CPU.ActiveCfg = PL|Any CPU
		{AB3A47F3-3B2A-484A-B768-7C6CF5C83386}.Debug_PL|Any CPU.Build.0 = PL|Any CPU
		{AB3A47F3-3B2A-484A-B768-7C6CF5C83386}.Debug_PL|x64.ActiveCfg = PL|x64
		{AB3A47F3-3B2A-484A-B768-7C6CF5C83386}.Debug_PL|x64.Build.0 = PL|x64
		{AB3A47F3-3B2A-484A-B768-7C6CF5C83386}.Debug_PL|x86.ActiveCfg = PL|x86
		{AB3A47F3-3B2A-484A-B768-7C6CF5C83386}.Debug_PL|x86.Build.0 = PL|x86
		{AB3A47F3-3B2A-484A-B768-7C6CF5C83386}.Debug_TH|Any CPU.ActiveCfg = TH|Any CPU
		{AB3A47F3-3B2A-484A-B768-7C6CF5C83386}.Debug_TH|Any CPU.Build.0 = TH|Any CPU
		{AB3A47F3-3B2A-484A-B768-7C6CF5C83386}.Debug_TH|x64.ActiveCfg = Debug|x64
		{AB3A47F3-3B2A-484A-B768-7C6CF5C83386}.Debug_TH|x86.ActiveCfg = Debug|x86
		{AB3A47F3-3B2A-484A-B768-7C6CF5C83386}.Debug|Any CPU.ActiveCfg = Debug|Any CPU
		{AB3A47F3-3B2A-484A-B768-7C6CF5C83386}.Debug|Any CPU.Build.0 = Debug|Any CPU
		{AB3A47F3-3B2A-484A-B768-7C6CF5C83386}.Debug|x64.ActiveCfg = Debug|x64
		{AB3A47F3-3B2A-484A-B768-7C6CF5C83386}.Debug|x64.Build.0 = Debug|x64
		{AB3A47F3-3B2A-484A-B768-7C6CF5C83386}.Debug|x86.ActiveCfg = Debug|x86
		{AB3A47F3-3B2A-484A-B768-7C6CF5C83386}.Debug|x86.Build.0 = Debug|x86
		{AB3A47F3-3B2A-484A-B768-7C6CF5C83386}.Release|Any CPU.ActiveCfg = Release|Any CPU
		{AB3A47F3-3B2A-484A-B768-7C6CF5C83386}.Release|Any CPU.Build.0 = Release|Any CPU
		{AB3A47F3-3B2A-484A-B768-7C6CF5C83386}.Release|x64.ActiveCfg = Release|x64
		{AB3A47F3-3B2A-484A-B768-7C6CF5C83386}.Release|x64.Build.0 = Release|x64
		{AB3A47F3-3B2A-484A-B768-7C6CF5C83386}.Release|x86.ActiveCfg = Release|x86
		{AB3A47F3-3B2A-484A-B768-7C6CF5C83386}.Release|x86.Build.0 = Release|x86
		{D8C8A266-3D46-42C5-A492-28C75DB85BA8}.Debug_DE|Any CPU.ActiveCfg = Debug|Any CPU
		{D8C8A266-3D46-42C5-A492-28C75DB85BA8}.Debug_DE|Any CPU.Build.0 = Debug|Any CPU
		{D8C8A266-3D46-42C5-A492-28C75DB85BA8}.Debug_DE|x64.ActiveCfg = Debug|x64
		{D8C8A266-3D46-42C5-A492-28C75DB85BA8}.Debug_DE|x64.Build.0 = Debug|x64
		{D8C8A266-3D46-42C5-A492-28C75DB85BA8}.Debug_DE|x86.ActiveCfg = Debug|x86
		{D8C8A266-3D46-42C5-A492-28C75DB85BA8}.Debug_DE|x86.Build.0 = Debug|x86
		{D8C8A266-3D46-42C5-A492-28C75DB85BA8}.Debug_FR|Any CPU.ActiveCfg = Debug|Any CPU
		{D8C8A266-3D46-42C5-A492-28C75DB85BA8}.Debug_FR|Any CPU.Build.0 = Debug|Any CPU
		{D8C8A266-3D46-42C5-A492-28C75DB85BA8}.Debug_FR|x64.ActiveCfg = Debug|x64
		{D8C8A266-3D46-42C5-A492-28C75DB85BA8}.Debug_FR|x64.Build.0 = Debug|x64
		{D8C8A266-3D46-42C5-A492-28C75DB85BA8}.Debug_FR|x86.ActiveCfg = Debug|x86
		{D8C8A266-3D46-42C5-A492-28C75DB85BA8}.Debug_FR|x86.Build.0 = Debug|x86
		{D8C8A266-3D46-42C5-A492-28C75DB85BA8}.Debug_IT|Any CPU.ActiveCfg = Debug|Any CPU
		{D8C8A266-3D46-42C5-A492-28C75DB85BA8}.Debug_IT|Any CPU.Build.0 = Debug|Any CPU
		{D8C8A266-3D46-42C5-A492-28C75DB85BA8}.Debug_IT|x64.ActiveCfg = Debug|x64
		{D8C8A266-3D46-42C5-A492-28C75DB85BA8}.Debug_IT|x64.Build.0 = Debug|x64
		{D8C8A266-3D46-42C5-A492-28C75DB85BA8}.Debug_IT|x86.ActiveCfg = Debug|x86
		{D8C8A266-3D46-42C5-A492-28C75DB85BA8}.Debug_IT|x86.Build.0 = Debug|x86
		{D8C8A266-3D46-42C5-A492-28C75DB85BA8}.Debug_PL|Any CPU.ActiveCfg = Debug|Any CPU
		{D8C8A266-3D46-42C5-A492-28C75DB85BA8}.Debug_PL|Any CPU.Build.0 = Debug|Any CPU
		{D8C8A266-3D46-42C5-A492-28C75DB85BA8}.Debug_PL|x64.ActiveCfg = Debug|x64
		{D8C8A266-3D46-42C5-A492-28C75DB85BA8}.Debug_PL|x64.Build.0 = Debug|x64
		{D8C8A266-3D46-42C5-A492-28C75DB85BA8}.Debug_PL|x86.ActiveCfg = Debug|x86
		{D8C8A266-3D46-42C5-A492-28C75DB85BA8}.Debug_PL|x86.Build.0 = Debug|x86
		{D8C8A266-3D46-42C5-A492-28C75DB85BA8}.Debug_TH|Any CPU.ActiveCfg = Debug|Any CPU
		{D8C8A266-3D46-42C5-A492-28C75DB85BA8}.Debug_TH|Any CPU.Build.0 = Debug|Any CPU
		{D8C8A266-3D46-42C5-A492-28C75DB85BA8}.Debug_TH|x64.ActiveCfg = Debug|x64
		{D8C8A266-3D46-42C5-A492-28C75DB85BA8}.Debug_TH|x64.Build.0 = Debug|x64
		{D8C8A266-3D46-42C5-A492-28C75DB85BA8}.Debug_TH|x86.ActiveCfg = Debug|x86
		{D8C8A266-3D46-42C5-A492-28C75DB85BA8}.Debug_TH|x86.Build.0 = Debug|x86
		{D8C8A266-3D46-42C5-A492-28C75DB85BA8}.Debug|Any CPU.ActiveCfg = Debug|Any CPU
		{D8C8A266-3D46-42C5-A492-28C75DB85BA8}.Debug|Any CPU.Build.0 = Debug|Any CPU
		{D8C8A266-3D46-42C5-A492-28C75DB85BA8}.Debug|x64.ActiveCfg = Debug|x64
		{D8C8A266-3D46-42C5-A492-28C75DB85BA8}.Debug|x64.Build.0 = Debug|x64
		{D8C8A266-3D46-42C5-A492-28C75DB85BA8}.Debug|x86.ActiveCfg = Debug|x86
		{D8C8A266-3D46-42C5-A492-28C75DB85BA8}.Debug|x86.Build.0 = Debug|x86
		{D8C8A266-3D46-42C5-A492-28C75DB85BA8}.Release|Any CPU.ActiveCfg = Release|Any CPU
		{D8C8A266-3D46-42C5-A492-28C75DB85BA8}.Release|Any CPU.Build.0 = Release|Any CPU
		{D8C8A266-3D46-42C5-A492-28C75DB85BA8}.Release|x64.ActiveCfg = Release|x64
		{D8C8A266-3D46-42C5-A492-28C75DB85BA8}.Release|x64.Build.0 = Release|x64
		{D8C8A266-3D46-42C5-A492-28C75DB85BA8}.Release|x86.ActiveCfg = Release|x86
		{D8C8A266-3D46-42C5-A492-28C75DB85BA8}.Release|x86.Build.0 = Release|x86
		{175C851B-8DC8-43A5-AF93-AF32D106CD77}.Debug_DE|Any CPU.ActiveCfg = Debug|Any CPU
		{175C851B-8DC8-43A5-AF93-AF32D106CD77}.Debug_DE|Any CPU.Build.0 = Debug|Any CPU
		{175C851B-8DC8-43A5-AF93-AF32D106CD77}.Debug_DE|x64.ActiveCfg = Debug|x64
		{175C851B-8DC8-43A5-AF93-AF32D106CD77}.Debug_DE|x64.Build.0 = Debug|x64
		{175C851B-8DC8-43A5-AF93-AF32D106CD77}.Debug_DE|x86.ActiveCfg = Debug|x86
		{175C851B-8DC8-43A5-AF93-AF32D106CD77}.Debug_DE|x86.Build.0 = Debug|x86
		{175C851B-8DC8-43A5-AF93-AF32D106CD77}.Debug_FR|Any CPU.ActiveCfg = Debug|Any CPU
		{175C851B-8DC8-43A5-AF93-AF32D106CD77}.Debug_FR|Any CPU.Build.0 = Debug|Any CPU
		{175C851B-8DC8-43A5-AF93-AF32D106CD77}.Debug_FR|x64.ActiveCfg = Debug|x64
		{175C851B-8DC8-43A5-AF93-AF32D106CD77}.Debug_FR|x64.Build.0 = Debug|x64
		{175C851B-8DC8-43A5-AF93-AF32D106CD77}.Debug_FR|x86.ActiveCfg = Debug|x86
		{175C851B-8DC8-43A5-AF93-AF32D106CD77}.Debug_FR|x86.Build.0 = Debug|x86
		{175C851B-8DC8-43A5-AF93-AF32D106CD77}.Debug_IT|Any CPU.ActiveCfg = Debug|Any CPU
		{175C851B-8DC8-43A5-AF93-AF32D106CD77}.Debug_IT|Any CPU.Build.0 = Debug|Any CPU
		{175C851B-8DC8-43A5-AF93-AF32D106CD77}.Debug_IT|x64.ActiveCfg = Debug|x64
		{175C851B-8DC8-43A5-AF93-AF32D106CD77}.Debug_IT|x64.Build.0 = Debug|x64
		{175C851B-8DC8-43A5-AF93-AF32D106CD77}.Debug_IT|x86.ActiveCfg = Debug|x86
		{175C851B-8DC8-43A5-AF93-AF32D106CD77}.Debug_IT|x86.Build.0 = Debug|x86
		{175C851B-8DC8-43A5-AF93-AF32D106CD77}.Debug_PL|Any CPU.ActiveCfg = Debug|Any CPU
		{175C851B-8DC8-43A5-AF93-AF32D106CD77}.Debug_PL|Any CPU.Build.0 = Debug|Any CPU
		{175C851B-8DC8-43A5-AF93-AF32D106CD77}.Debug_PL|x64.ActiveCfg = Debug|x64
		{175C851B-8DC8-43A5-AF93-AF32D106CD77}.Debug_PL|x64.Build.0 = Debug|x64
		{175C851B-8DC8-43A5-AF93-AF32D106CD77}.Debug_PL|x86.ActiveCfg = Debug|x86
		{175C851B-8DC8-43A5-AF93-AF32D106CD77}.Debug_PL|x86.Build.0 = Debug|x86
		{175C851B-8DC8-43A5-AF93-AF32D106CD77}.Debug_TH|Any CPU.ActiveCfg = Debug|Any CPU
		{175C851B-8DC8-43A5-AF93-AF32D106CD77}.Debug_TH|Any CPU.Build.0 = Debug|Any CPU
		{175C851B-8DC8-43A5-AF93-AF32D106CD77}.Debug_TH|x64.ActiveCfg = Debug|x64
		{175C851B-8DC8-43A5-AF93-AF32D106CD77}.Debug_TH|x64.Build.0 = Debug|x64
		{175C851B-8DC8-43A5-AF93-AF32D106CD77}.Debug_TH|x86.ActiveCfg = Debug|x86
		{175C851B-8DC8-43A5-AF93-AF32D106CD77}.Debug_TH|x86.Build.0 = Debug|x86
		{175C851B-8DC8-43A5-AF93-AF32D106CD77}.Debug|Any CPU.ActiveCfg = Debug|Any CPU
		{175C851B-8DC8-43A5-AF93-AF32D106CD77}.Debug|Any CPU.Build.0 = Debug|Any CPU
		{175C851B-8DC8-43A5-AF93-AF32D106CD77}.Debug|x64.ActiveCfg = Debug|x64
		{175C851B-8DC8-43A5-AF93-AF32D106CD77}.Debug|x64.Build.0 = Debug|x64
		{175C851B-8DC8-43A5-AF93-AF32D106CD77}.Debug|x86.ActiveCfg = Debug|x86
		{175C851B-8DC8-43A5-AF93-AF32D106CD77}.Debug|x86.Build.0 = Debug|x86
		{175C851B-8DC8-43A5-AF93-AF32D106CD77}.Release|Any CPU.ActiveCfg = Release|Any CPU
		{175C851B-8DC8-43A5-AF93-AF32D106CD77}.Release|Any CPU.Build.0 = Release|Any CPU
		{175C851B-8DC8-43A5-AF93-AF32D106CD77}.Release|x64.ActiveCfg = Release|x64
		{175C851B-8DC8-43A5-AF93-AF32D106CD77}.Release|x64.Build.0 = Release|x64
		{175C851B-8DC8-43A5-AF93-AF32D106CD77}.Release|x86.ActiveCfg = Release|x86
		{175C851B-8DC8-43A5-AF93-AF32D106CD77}.Release|x86.Build.0 = Release|x86
		{20ADDDDD-DAD9-44F3-9BEB-026C73090660}.Debug_DE|Any CPU.ActiveCfg = Debug|Any CPU
		{20ADDDDD-DAD9-44F3-9BEB-026C73090660}.Debug_DE|Any CPU.Build.0 = Debug|Any CPU
		{20ADDDDD-DAD9-44F3-9BEB-026C73090660}.Debug_DE|x64.ActiveCfg = Debug|x64
		{20ADDDDD-DAD9-44F3-9BEB-026C73090660}.Debug_DE|x64.Build.0 = Debug|x64
		{20ADDDDD-DAD9-44F3-9BEB-026C73090660}.Debug_DE|x86.ActiveCfg = Debug|x86
		{20ADDDDD-DAD9-44F3-9BEB-026C73090660}.Debug_DE|x86.Build.0 = Debug|x86
		{20ADDDDD-DAD9-44F3-9BEB-026C73090660}.Debug_FR|Any CPU.ActiveCfg = Debug|Any CPU
		{20ADDDDD-DAD9-44F3-9BEB-026C73090660}.Debug_FR|Any CPU.Build.0 = Debug|Any CPU
		{20ADDDDD-DAD9-44F3-9BEB-026C73090660}.Debug_FR|x64.ActiveCfg = Debug|x64
		{20ADDDDD-DAD9-44F3-9BEB-026C73090660}.Debug_FR|x64.Build.0 = Debug|x64
		{20ADDDDD-DAD9-44F3-9BEB-026C73090660}.Debug_FR|x86.ActiveCfg = Debug|x86
		{20ADDDDD-DAD9-44F3-9BEB-026C73090660}.Debug_FR|x86.Build.0 = Debug|x86
		{20ADDDDD-DAD9-44F3-9BEB-026C73090660}.Debug_IT|Any CPU.ActiveCfg = Debug|Any CPU
		{20ADDDDD-DAD9-44F3-9BEB-026C73090660}.Debug_IT|Any CPU.Build.0 = Debug|Any CPU
		{20ADDDDD-DAD9-44F3-9BEB-026C73090660}.Debug_IT|x64.ActiveCfg = Debug|x64
		{20ADDDDD-DAD9-44F3-9BEB-026C73090660}.Debug_IT|x64.Build.0 = Debug|x64
		{20ADDDDD-DAD9-44F3-9BEB-026C73090660}.Debug_IT|x86.ActiveCfg = Debug|x86
		{20ADDDDD-DAD9-44F3-9BEB-026C73090660}.Debug_IT|x86.Build.0 = Debug|x86
		{20ADDDDD-DAD9-44F3-9BEB-026C73090660}.Debug_PL|Any CPU.ActiveCfg = Debug|Any CPU
		{20ADDDDD-DAD9-44F3-9BEB-026C73090660}.Debug_PL|Any CPU.Build.0 = Debug|Any CPU
		{20ADDDDD-DAD9-44F3-9BEB-026C73090660}.Debug_PL|x64.ActiveCfg = Debug|x64
		{20ADDDDD-DAD9-44F3-9BEB-026C73090660}.Debug_PL|x64.Build.0 = Debug|x64
		{20ADDDDD-DAD9-44F3-9BEB-026C73090660}.Debug_PL|x86.ActiveCfg = Debug|x86
		{20ADDDDD-DAD9-44F3-9BEB-026C73090660}.Debug_PL|x86.Build.0 = Debug|x86
		{20ADDDDD-DAD9-44F3-9BEB-026C73090660}.Debug_TH|Any CPU.ActiveCfg = Debug|Any CPU
		{20ADDDDD-DAD9-44F3-9BEB-026C73090660}.Debug_TH|Any CPU.Build.0 = Debug|Any CPU
		{20ADDDDD-DAD9-44F3-9BEB-026C73090660}.Debug_TH|x64.ActiveCfg = Debug|x64
		{20ADDDDD-DAD9-44F3-9BEB-026C73090660}.Debug_TH|x64.Build.0 = Debug|x64
		{20ADDDDD-DAD9-44F3-9BEB-026C73090660}.Debug_TH|x86.ActiveCfg = Debug|x86
		{20ADDDDD-DAD9-44F3-9BEB-026C73090660}.Debug_TH|x86.Build.0 = Debug|x86
		{20ADDDDD-DAD9-44F3-9BEB-026C73090660}.Debug|Any CPU.ActiveCfg = Debug|Any CPU
		{20ADDDDD-DAD9-44F3-9BEB-026C73090660}.Debug|Any CPU.Build.0 = Debug|Any CPU
		{20ADDDDD-DAD9-44F3-9BEB-026C73090660}.Debug|x64.ActiveCfg = Debug|x64
		{20ADDDDD-DAD9-44F3-9BEB-026C73090660}.Debug|x64.Build.0 = Debug|x64
		{20ADDDDD-DAD9-44F3-9BEB-026C73090660}.Debug|x86.ActiveCfg = Debug|x86
		{20ADDDDD-DAD9-44F3-9BEB-026C73090660}.Debug|x86.Build.0 = Debug|x86
		{20ADDDDD-DAD9-44F3-9BEB-026C73090660}.Release|Any CPU.ActiveCfg = Release|Any CPU
		{20ADDDDD-DAD9-44F3-9BEB-026C73090660}.Release|Any CPU.Build.0 = Release|Any CPU
		{20ADDDDD-DAD9-44F3-9BEB-026C73090660}.Release|x64.ActiveCfg = Release|x64
		{20ADDDDD-DAD9-44F3-9BEB-026C73090660}.Release|x64.Build.0 = Release|x64
		{20ADDDDD-DAD9-44F3-9BEB-026C73090660}.Release|x86.ActiveCfg = Release|x86
		{20ADDDDD-DAD9-44F3-9BEB-026C73090660}.Release|x86.Build.0 = Release|x86
		{F1071DED-3D92-4416-9B9C-8664441ADE64}.Debug_DE|Any CPU.ActiveCfg = Debug|Any CPU
		{F1071DED-3D92-4416-9B9C-8664441ADE64}.Debug_DE|Any CPU.Build.0 = Debug|Any CPU
		{F1071DED-3D92-4416-9B9C-8664441ADE64}.Debug_DE|x64.ActiveCfg = Debug|x64
		{F1071DED-3D92-4416-9B9C-8664441ADE64}.Debug_DE|x64.Build.0 = Debug|x64
		{F1071DED-3D92-4416-9B9C-8664441ADE64}.Debug_DE|x86.ActiveCfg = Debug|x86
		{F1071DED-3D92-4416-9B9C-8664441ADE64}.Debug_DE|x86.Build.0 = Debug|x86
		{F1071DED-3D92-4416-9B9C-8664441ADE64}.Debug_FR|Any CPU.ActiveCfg = Debug|Any CPU
		{F1071DED-3D92-4416-9B9C-8664441ADE64}.Debug_FR|Any CPU.Build.0 = Debug|Any CPU
		{F1071DED-3D92-4416-9B9C-8664441ADE64}.Debug_FR|x64.ActiveCfg = Debug|x64
		{F1071DED-3D92-4416-9B9C-8664441ADE64}.Debug_FR|x64.Build.0 = Debug|x64
		{F1071DED-3D92-4416-9B9C-8664441ADE64}.Debug_FR|x86.ActiveCfg = Debug|x86
		{F1071DED-3D92-4416-9B9C-8664441ADE64}.Debug_FR|x86.Build.0 = Debug|x86
		{F1071DED-3D92-4416-9B9C-8664441ADE64}.Debug_IT|Any CPU.ActiveCfg = Debug|Any CPU
		{F1071DED-3D92-4416-9B9C-8664441ADE64}.Debug_IT|Any CPU.Build.0 = Debug|Any CPU
		{F1071DED-3D92-4416-9B9C-8664441ADE64}.Debug_IT|x64.ActiveCfg = Debug|x64
		{F1071DED-3D92-4416-9B9C-8664441ADE64}.Debug_IT|x64.Build.0 = Debug|x64
		{F1071DED-3D92-4416-9B9C-8664441ADE64}.Debug_IT|x86.ActiveCfg = Debug|x86
		{F1071DED-3D92-4416-9B9C-8664441ADE64}.Debug_IT|x86.Build.0 = Debug|x86
		{F1071DED-3D92-4416-9B9C-8664441ADE64}.Debug_PL|Any CPU.ActiveCfg = Debug|Any CPU
		{F1071DED-3D92-4416-9B9C-8664441ADE64}.Debug_PL|Any CPU.Build.0 = Debug|Any CPU
		{F1071DED-3D92-4416-9B9C-8664441ADE64}.Debug_PL|x64.ActiveCfg = Debug|x64
		{F1071DED-3D92-4416-9B9C-8664441ADE64}.Debug_PL|x64.Build.0 = Debug|x64
		{F1071DED-3D92-4416-9B9C-8664441ADE64}.Debug_PL|x86.ActiveCfg = Debug|x86
		{F1071DED-3D92-4416-9B9C-8664441ADE64}.Debug_PL|x86.Build.0 = Debug|x86
		{F1071DED-3D92-4416-9B9C-8664441ADE64}.Debug_TH|Any CPU.ActiveCfg = Debug|Any CPU
		{F1071DED-3D92-4416-9B9C-8664441ADE64}.Debug_TH|Any CPU.Build.0 = Debug|Any CPU
		{F1071DED-3D92-4416-9B9C-8664441ADE64}.Debug_TH|x64.ActiveCfg = Debug|x64
		{F1071DED-3D92-4416-9B9C-8664441ADE64}.Debug_TH|x64.Build.0 = Debug|x64
		{F1071DED-3D92-4416-9B9C-8664441ADE64}.Debug_TH|x86.ActiveCfg = Debug|x86
		{F1071DED-3D92-4416-9B9C-8664441ADE64}.Debug_TH|x86.Build.0 = Debug|x86
		{F1071DED-3D92-4416-9B9C-8664441ADE64}.Debug|Any CPU.ActiveCfg = Debug|Any CPU
		{F1071DED-3D92-4416-9B9C-8664441ADE64}.Debug|Any CPU.Build.0 = Debug|Any CPU
		{F1071DED-3D92-4416-9B9C-8664441ADE64}.Debug|x64.ActiveCfg = Debug|x64
		{F1071DED-3D92-4416-9B9C-8664441ADE64}.Debug|x64.Build.0 = Debug|x64
		{F1071DED-3D92-4416-9B9C-8664441ADE64}.Debug|x86.ActiveCfg = Debug|x86
		{F1071DED-3D92-4416-9B9C-8664441ADE64}.Debug|x86.Build.0 = Debug|x86
		{F1071DED-3D92-4416-9B9C-8664441ADE64}.Release|Any CPU.ActiveCfg = Release|Any CPU
		{F1071DED-3D92-4416-9B9C-8664441ADE64}.Release|Any CPU.Build.0 = Release|Any CPU
		{F1071DED-3D92-4416-9B9C-8664441ADE64}.Release|x64.ActiveCfg = Release|x64
		{F1071DED-3D92-4416-9B9C-8664441ADE64}.Release|x64.Build.0 = Release|x64
		{F1071DED-3D92-4416-9B9C-8664441ADE64}.Release|x86.ActiveCfg = Release|x86
		{F1071DED-3D92-4416-9B9C-8664441ADE64}.Release|x86.Build.0 = Release|x86
		{C93A0A40-0551-4732-B594-171B87679AC1}.Debug_DE|Any CPU.ActiveCfg = Debug|Any CPU
		{C93A0A40-0551-4732-B594-171B87679AC1}.Debug_DE|Any CPU.Build.0 = Debug|Any CPU
		{C93A0A40-0551-4732-B594-171B87679AC1}.Debug_DE|x64.ActiveCfg = Debug|x64
		{C93A0A40-0551-4732-B594-171B87679AC1}.Debug_DE|x64.Build.0 = Debug|x64
		{C93A0A40-0551-4732-B594-171B87679AC1}.Debug_DE|x86.ActiveCfg = Debug|x86
		{C93A0A40-0551-4732-B594-171B87679AC1}.Debug_DE|x86.Build.0 = Debug|x86
		{C93A0A40-0551-4732-B594-171B87679AC1}.Debug_FR|Any CPU.ActiveCfg = Debug|Any CPU
		{C93A0A40-0551-4732-B594-171B87679AC1}.Debug_FR|Any CPU.Build.0 = Debug|Any CPU
		{C93A0A40-0551-4732-B594-171B87679AC1}.Debug_FR|x64.ActiveCfg = Debug|x64
		{C93A0A40-0551-4732-B594-171B87679AC1}.Debug_FR|x64.Build.0 = Debug|x64
		{C93A0A40-0551-4732-B594-171B87679AC1}.Debug_FR|x86.ActiveCfg = Debug|x86
		{C93A0A40-0551-4732-B594-171B87679AC1}.Debug_FR|x86.Build.0 = Debug|x86
		{C93A0A40-0551-4732-B594-171B87679AC1}.Debug_IT|Any CPU.ActiveCfg = Debug|Any CPU
		{C93A0A40-0551-4732-B594-171B87679AC1}.Debug_IT|Any CPU.Build.0 = Debug|Any CPU
		{C93A0A40-0551-4732-B594-171B87679AC1}.Debug_IT|x64.ActiveCfg = Debug|x64
		{C93A0A40-0551-4732-B594-171B87679AC1}.Debug_IT|x64.Build.0 = Debug|x64
		{C93A0A40-0551-4732-B594-171B87679AC1}.Debug_IT|x86.ActiveCfg = Debug|x86
		{C93A0A40-0551-4732-B594-171B87679AC1}.Debug_IT|x86.Build.0 = Debug|x86
		{C93A0A40-0551-4732-B594-171B87679AC1}.Debug_PL|Any CPU.ActiveCfg = Debug|Any CPU
		{C93A0A40-0551-4732-B594-171B87679AC1}.Debug_PL|Any CPU.Build.0 = Debug|Any CPU
		{C93A0A40-0551-4732-B594-171B87679AC1}.Debug_PL|x64.ActiveCfg = Debug|x64
		{C93A0A40-0551-4732-B594-171B87679AC1}.Debug_PL|x64.Build.0 = Debug|x64
		{C93A0A40-0551-4732-B594-171B87679AC1}.Debug_PL|x86.ActiveCfg = Debug|x86
		{C93A0A40-0551-4732-B594-171B87679AC1}.Debug_PL|x86.Build.0 = Debug|x86
		{C93A0A40-0551-4732-B594-171B87679AC1}.Debug_TH|Any CPU.ActiveCfg = Debug|Any CPU
		{C93A0A40-0551-4732-B594-171B87679AC1}.Debug_TH|Any CPU.Build.0 = Debug|Any CPU
		{C93A0A40-0551-4732-B594-171B87679AC1}.Debug_TH|x64.ActiveCfg = Debug|x64
		{C93A0A40-0551-4732-B594-171B87679AC1}.Debug_TH|x64.Build.0 = Debug|x64
		{C93A0A40-0551-4732-B594-171B87679AC1}.Debug_TH|x86.ActiveCfg = Debug|x86
		{C93A0A40-0551-4732-B594-171B87679AC1}.Debug_TH|x86.Build.0 = Debug|x86
		{C93A0A40-0551-4732-B594-171B87679AC1}.Debug|Any CPU.ActiveCfg = Debug|Any CPU
		{C93A0A40-0551-4732-B594-171B87679AC1}.Debug|Any CPU.Build.0 = Debug|Any CPU
		{C93A0A40-0551-4732-B594-171B87679AC1}.Debug|x64.ActiveCfg = Debug|x64
		{C93A0A40-0551-4732-B594-171B87679AC1}.Debug|x64.Build.0 = Debug|x64
		{C93A0A40-0551-4732-B594-171B87679AC1}.Debug|x86.ActiveCfg = Debug|x86
		{C93A0A40-0551-4732-B594-171B87679AC1}.Debug|x86.Build.0 = Debug|x86
		{C93A0A40-0551-4732-B594-171B87679AC1}.Release|Any CPU.ActiveCfg = Release|Any CPU
		{C93A0A40-0551-4732-B594-171B87679AC1}.Release|Any CPU.Build.0 = Release|Any CPU
		{C93A0A40-0551-4732-B594-171B87679AC1}.Release|x64.ActiveCfg = Release|x64
		{C93A0A40-0551-4732-B594-171B87679AC1}.Release|x64.Build.0 = Release|x64
		{C93A0A40-0551-4732-B594-171B87679AC1}.Release|x86.ActiveCfg = Release|x86
		{C93A0A40-0551-4732-B594-171B87679AC1}.Release|x86.Build.0 = Release|x86
		{A6748A8D-0D96-41B9-A110-DBF692AFC56D}.Debug_DE|Any CPU.ActiveCfg = Debug|Any CPU
		{A6748A8D-0D96-41B9-A110-DBF692AFC56D}.Debug_DE|Any CPU.Build.0 = Debug|Any CPU
		{A6748A8D-0D96-41B9-A110-DBF692AFC56D}.Debug_DE|x64.ActiveCfg = Debug|x64
		{A6748A8D-0D96-41B9-A110-DBF692AFC56D}.Debug_DE|x64.Build.0 = Debug|x64
		{A6748A8D-0D96-41B9-A110-DBF692AFC56D}.Debug_DE|x86.ActiveCfg = Debug|x86
		{A6748A8D-0D96-41B9-A110-DBF692AFC56D}.Debug_DE|x86.Build.0 = Debug|x86
		{A6748A8D-0D96-41B9-A110-DBF692AFC56D}.Debug_FR|Any CPU.ActiveCfg = Debug|Any CPU
		{A6748A8D-0D96-41B9-A110-DBF692AFC56D}.Debug_FR|Any CPU.Build.0 = Debug|Any CPU
		{A6748A8D-0D96-41B9-A110-DBF692AFC56D}.Debug_FR|x64.ActiveCfg = Debug|x64
		{A6748A8D-0D96-41B9-A110-DBF692AFC56D}.Debug_FR|x64.Build.0 = Debug|x64
		{A6748A8D-0D96-41B9-A110-DBF692AFC56D}.Debug_FR|x86.ActiveCfg = Debug|x86
		{A6748A8D-0D96-41B9-A110-DBF692AFC56D}.Debug_FR|x86.Build.0 = Debug|x86
		{A6748A8D-0D96-41B9-A110-DBF692AFC56D}.Debug_IT|Any CPU.ActiveCfg = Debug|Any CPU
		{A6748A8D-0D96-41B9-A110-DBF692AFC56D}.Debug_IT|Any CPU.Build.0 = Debug|Any CPU
		{A6748A8D-0D96-41B9-A110-DBF692AFC56D}.Debug_IT|x64.ActiveCfg = Debug|x64
		{A6748A8D-0D96-41B9-A110-DBF692AFC56D}.Debug_IT|x64.Build.0 = Debug|x64
		{A6748A8D-0D96-41B9-A110-DBF692AFC56D}.Debug_IT|x86.ActiveCfg = Debug|x86
		{A6748A8D-0D96-41B9-A110-DBF692AFC56D}.Debug_IT|x86.Build.0 = Debug|x86
		{A6748A8D-0D96-41B9-A110-DBF692AFC56D}.Debug_PL|Any CPU.ActiveCfg = Debug|Any CPU
		{A6748A8D-0D96-41B9-A110-DBF692AFC56D}.Debug_PL|Any CPU.Build.0 = Debug|Any CPU
		{A6748A8D-0D96-41B9-A110-DBF692AFC56D}.Debug_PL|x64.ActiveCfg = Debug|x64
		{A6748A8D-0D96-41B9-A110-DBF692AFC56D}.Debug_PL|x64.Build.0 = Debug|x64
		{A6748A8D-0D96-41B9-A110-DBF692AFC56D}.Debug_PL|x86.ActiveCfg = Debug|x86
		{A6748A8D-0D96-41B9-A110-DBF692AFC56D}.Debug_PL|x86.Build.0 = Debug|x86
		{A6748A8D-0D96-41B9-A110-DBF692AFC56D}.Debug_TH|Any CPU.ActiveCfg = Debug|Any CPU
		{A6748A8D-0D96-41B9-A110-DBF692AFC56D}.Debug_TH|Any CPU.Build.0 = Debug|Any CPU
		{A6748A8D-0D96-41B9-A110-DBF692AFC56D}.Debug_TH|x64.ActiveCfg = Debug|x64
		{A6748A8D-0D96-41B9-A110-DBF692AFC56D}.Debug_TH|x64.Build.0 = Debug|x64
		{A6748A8D-0D96-41B9-A110-DBF692AFC56D}.Debug_TH|x86.ActiveCfg = Debug|x86
		{A6748A8D-0D96-41B9-A110-DBF692AFC56D}.Debug_TH|x86.Build.0 = Debug|x86
		{A6748A8D-0D96-41B9-A110-DBF692AFC56D}.Debug|Any CPU.ActiveCfg = Debug|Any CPU
		{A6748A8D-0D96-41B9-A110-DBF692AFC56D}.Debug|Any CPU.Build.0 = Debug|Any CPU
		{A6748A8D-0D96-41B9-A110-DBF692AFC56D}.Debug|x64.ActiveCfg = Debug|x64
		{A6748A8D-0D96-41B9-A110-DBF692AFC56D}.Debug|x64.Build.0 = Debug|x64
		{A6748A8D-0D96-41B9-A110-DBF692AFC56D}.Debug|x86.ActiveCfg = Debug|x86
		{A6748A8D-0D96-41B9-A110-DBF692AFC56D}.Debug|x86.Build.0 = Debug|x86
		{A6748A8D-0D96-41B9-A110-DBF692AFC56D}.Release|Any CPU.ActiveCfg = Release|Any CPU
		{A6748A8D-0D96-41B9-A110-DBF692AFC56D}.Release|Any CPU.Build.0 = Release|Any CPU
		{A6748A8D-0D96-41B9-A110-DBF692AFC56D}.Release|x64.ActiveCfg = Release|x64
		{A6748A8D-0D96-41B9-A110-DBF692AFC56D}.Release|x64.Build.0 = Release|x64
		{A6748A8D-0D96-41B9-A110-DBF692AFC56D}.Release|x86.ActiveCfg = Release|x86
		{A6748A8D-0D96-41B9-A110-DBF692AFC56D}.Release|x86.Build.0 = Release|x86
		{EC300279-181E-4E6E-A94C-E8BAF0EAB2AD}.Debug_DE|Any CPU.ActiveCfg = DE|Any CPU
		{EC300279-181E-4E6E-A94C-E8BAF0EAB2AD}.Debug_DE|Any CPU.Build.0 = DE|Any CPU
		{EC300279-181E-4E6E-A94C-E8BAF0EAB2AD}.Debug_DE|x64.ActiveCfg = DE|x64
		{EC300279-181E-4E6E-A94C-E8BAF0EAB2AD}.Debug_DE|x64.Build.0 = DE|x64
		{EC300279-181E-4E6E-A94C-E8BAF0EAB2AD}.Debug_DE|x86.ActiveCfg = DE|x86
		{EC300279-181E-4E6E-A94C-E8BAF0EAB2AD}.Debug_DE|x86.Build.0 = DE|x86
		{EC300279-181E-4E6E-A94C-E8BAF0EAB2AD}.Debug_FR|Any CPU.ActiveCfg = FR|Any CPU
		{EC300279-181E-4E6E-A94C-E8BAF0EAB2AD}.Debug_FR|Any CPU.Build.0 = FR|Any CPU
		{EC300279-181E-4E6E-A94C-E8BAF0EAB2AD}.Debug_FR|x64.ActiveCfg = FR|x64
		{EC300279-181E-4E6E-A94C-E8BAF0EAB2AD}.Debug_FR|x64.Build.0 = FR|x64
		{EC300279-181E-4E6E-A94C-E8BAF0EAB2AD}.Debug_FR|x86.ActiveCfg = FR|x86
		{EC300279-181E-4E6E-A94C-E8BAF0EAB2AD}.Debug_FR|x86.Build.0 = FR|x86
		{EC300279-181E-4E6E-A94C-E8BAF0EAB2AD}.Debug_IT|Any CPU.ActiveCfg = IT|Any CPU
		{EC300279-181E-4E6E-A94C-E8BAF0EAB2AD}.Debug_IT|Any CPU.Build.0 = IT|Any CPU
		{EC300279-181E-4E6E-A94C-E8BAF0EAB2AD}.Debug_IT|x64.ActiveCfg = IT|x64
		{EC300279-181E-4E6E-A94C-E8BAF0EAB2AD}.Debug_IT|x64.Build.0 = IT|x64
		{EC300279-181E-4E6E-A94C-E8BAF0EAB2AD}.Debug_IT|x86.ActiveCfg = IT|x86
		{EC300279-181E-4E6E-A94C-E8BAF0EAB2AD}.Debug_IT|x86.Build.0 = IT|x86
		{EC300279-181E-4E6E-A94C-E8BAF0EAB2AD}.Debug_PL|Any CPU.ActiveCfg = PL|Any CPU
		{EC300279-181E-4E6E-A94C-E8BAF0EAB2AD}.Debug_PL|Any CPU.Build.0 = PL|Any CPU
		{EC300279-181E-4E6E-A94C-E8BAF0EAB2AD}.Debug_PL|x64.ActiveCfg = PL|x64
		{EC300279-181E-4E6E-A94C-E8BAF0EAB2AD}.Debug_PL|x64.Build.0 = PL|x64
		{EC300279-181E-4E6E-A94C-E8BAF0EAB2AD}.Debug_PL|x86.ActiveCfg = PL|x86
		{EC300279-181E-4E6E-A94C-E8BAF0EAB2AD}.Debug_PL|x86.Build.0 = PL|x86
		{EC300279-181E-4E6E-A94C-E8BAF0EAB2AD}.Debug_TH|Any CPU.ActiveCfg = TH|Any CPU
		{EC300279-181E-4E6E-A94C-E8BAF0EAB2AD}.Debug_TH|Any CPU.Build.0 = TH|Any CPU
		{EC300279-181E-4E6E-A94C-E8BAF0EAB2AD}.Debug_TH|x64.ActiveCfg = Debug|x64
		{EC300279-181E-4E6E-A94C-E8BAF0EAB2AD}.Debug_TH|x86.ActiveCfg = Debug|x86
		{EC300279-181E-4E6E-A94C-E8BAF0EAB2AD}.Debug|Any CPU.ActiveCfg = Debug|Any CPU
		{EC300279-181E-4E6E-A94C-E8BAF0EAB2AD}.Debug|Any CPU.Build.0 = Debug|Any CPU
		{EC300279-181E-4E6E-A94C-E8BAF0EAB2AD}.Debug|x64.ActiveCfg = Debug|x64
		{EC300279-181E-4E6E-A94C-E8BAF0EAB2AD}.Debug|x64.Build.0 = Debug|x64
		{EC300279-181E-4E6E-A94C-E8BAF0EAB2AD}.Debug|x86.ActiveCfg = Debug|x86
		{EC300279-181E-4E6E-A94C-E8BAF0EAB2AD}.Debug|x86.Build.0 = Debug|x86
		{EC300279-181E-4E6E-A94C-E8BAF0EAB2AD}.Debug|x86.Deploy.0 = Debug|x86
		{EC300279-181E-4E6E-A94C-E8BAF0EAB2AD}.Release|Any CPU.ActiveCfg = Release|Any CPU
		{EC300279-181E-4E6E-A94C-E8BAF0EAB2AD}.Release|Any CPU.Build.0 = Release|Any CPU
		{EC300279-181E-4E6E-A94C-E8BAF0EAB2AD}.Release|x64.ActiveCfg = Release|x64
		{EC300279-181E-4E6E-A94C-E8BAF0EAB2AD}.Release|x64.Build.0 = Release|x64
		{EC300279-181E-4E6E-A94C-E8BAF0EAB2AD}.Release|x86.ActiveCfg = Release|x86
		{EC300279-181E-4E6E-A94C-E8BAF0EAB2AD}.Release|x86.Build.0 = Release|x86
		{EADD17BE-20A4-4589-830E-E41BE9314928}.Debug_DE|Any CPU.ActiveCfg = Debug|Any CPU
		{EADD17BE-20A4-4589-830E-E41BE9314928}.Debug_DE|Any CPU.Build.0 = Debug|Any CPU
		{EADD17BE-20A4-4589-830E-E41BE9314928}.Debug_DE|x64.ActiveCfg = Debug|x64
		{EADD17BE-20A4-4589-830E-E41BE9314928}.Debug_DE|x64.Build.0 = Debug|x64
		{EADD17BE-20A4-4589-830E-E41BE9314928}.Debug_DE|x86.ActiveCfg = Debug|x86
		{EADD17BE-20A4-4589-830E-E41BE9314928}.Debug_DE|x86.Build.0 = Debug|x86
		{EADD17BE-20A4-4589-830E-E41BE9314928}.Debug_FR|Any CPU.ActiveCfg = Debug|Any CPU
		{EADD17BE-20A4-4589-830E-E41BE9314928}.Debug_FR|Any CPU.Build.0 = Debug|Any CPU
		{EADD17BE-20A4-4589-830E-E41BE9314928}.Debug_FR|x64.ActiveCfg = Debug|x64
		{EADD17BE-20A4-4589-830E-E41BE9314928}.Debug_FR|x64.Build.0 = Debug|x64
		{EADD17BE-20A4-4589-830E-E41BE9314928}.Debug_FR|x86.ActiveCfg = Debug|x86
		{EADD17BE-20A4-4589-830E-E41BE9314928}.Debug_FR|x86.Build.0 = Debug|x86
		{EADD17BE-20A4-4589-830E-E41BE9314928}.Debug_IT|Any CPU.ActiveCfg = Debug|Any CPU
		{EADD17BE-20A4-4589-830E-E41BE9314928}.Debug_IT|Any CPU.Build.0 = Debug|Any CPU
		{EADD17BE-20A4-4589-830E-E41BE9314928}.Debug_IT|x64.ActiveCfg = Debug|x64
		{EADD17BE-20A4-4589-830E-E41BE9314928}.Debug_IT|x64.Build.0 = Debug|x64
		{EADD17BE-20A4-4589-830E-E41BE9314928}.Debug_IT|x86.ActiveCfg = Debug|x86
		{EADD17BE-20A4-4589-830E-E41BE9314928}.Debug_IT|x86.Build.0 = Debug|x86
		{EADD17BE-20A4-4589-830E-E41BE9314928}.Debug_PL|Any CPU.ActiveCfg = Debug|Any CPU
		{EADD17BE-20A4-4589-830E-E41BE9314928}.Debug_PL|Any CPU.Build.0 = Debug|Any CPU
		{EADD17BE-20A4-4589-830E-E41BE9314928}.Debug_PL|x64.ActiveCfg = Debug|x64
		{EADD17BE-20A4-4589-830E-E41BE9314928}.Debug_PL|x64.Build.0 = Debug|x64
		{EADD17BE-20A4-4589-830E-E41BE9314928}.Debug_PL|x86.ActiveCfg = Debug|x86
		{EADD17BE-20A4-4589-830E-E41BE9314928}.Debug_PL|x86.Build.0 = Debug|x86
		{EADD17BE-20A4-4589-830E-E41BE9314928}.Debug_TH|Any CPU.ActiveCfg = Debug|Any CPU
		{EADD17BE-20A4-4589-830E-E41BE9314928}.Debug_TH|Any CPU.Build.0 = Debug|Any CPU
		{EADD17BE-20A4-4589-830E-E41BE9314928}.Debug_TH|x64.ActiveCfg = Debug|x64
		{EADD17BE-20A4-4589-830E-E41BE9314928}.Debug_TH|x64.Build.0 = Debug|x64
		{EADD17BE-20A4-4589-830E-E41BE9314928}.Debug_TH|x86.ActiveCfg = Debug|x86
		{EADD17BE-20A4-4589-830E-E41BE9314928}.Debug_TH|x86.Build.0 = Debug|x86
		{EADD17BE-20A4-4589-830E-E41BE9314928}.Debug|Any CPU.ActiveCfg = Debug|Any CPU
		{EADD17BE-20A4-4589-830E-E41BE9314928}.Debug|Any CPU.Build.0 = Debug|Any CPU
		{EADD17BE-20A4-4589-830E-E41BE9314928}.Debug|x64.ActiveCfg = Debug|x64
		{EADD17BE-20A4-4589-830E-E41BE9314928}.Debug|x64.Build.0 = Debug|x64
		{EADD17BE-20A4-4589-830E-E41BE9314928}.Debug|x86.ActiveCfg = Debug|x86
		{EADD17BE-20A4-4589-830E-E41BE9314928}.Debug|x86.Build.0 = Debug|x86
		{EADD17BE-20A4-4589-830E-E41BE9314928}.Release|Any CPU.ActiveCfg = Release|Any CPU
		{EADD17BE-20A4-4589-830E-E41BE9314928}.Release|Any CPU.Build.0 = Release|Any CPU
		{EADD17BE-20A4-4589-830E-E41BE9314928}.Release|x64.ActiveCfg = Release|x64
		{EADD17BE-20A4-4589-830E-E41BE9314928}.Release|x64.Build.0 = Release|x64
		{EADD17BE-20A4-4589-830E-E41BE9314928}.Release|x86.ActiveCfg = Release|x86
		{EADD17BE-20A4-4589-830E-E41BE9314928}.Release|x86.Build.0 = Release|x86
		{C2D0CDB2-FDF9-4D33-A9C4-424E765F41C6}.Debug_DE|Any CPU.ActiveCfg = DE|Any CPU
		{C2D0CDB2-FDF9-4D33-A9C4-424E765F41C6}.Debug_DE|Any CPU.Build.0 = DE|Any CPU
		{C2D0CDB2-FDF9-4D33-A9C4-424E765F41C6}.Debug_DE|x64.ActiveCfg = DE|x64
		{C2D0CDB2-FDF9-4D33-A9C4-424E765F41C6}.Debug_DE|x64.Build.0 = DE|x64
		{C2D0CDB2-FDF9-4D33-A9C4-424E765F41C6}.Debug_DE|x86.ActiveCfg = DE|x86
		{C2D0CDB2-FDF9-4D33-A9C4-424E765F41C6}.Debug_DE|x86.Build.0 = DE|x86
		{C2D0CDB2-FDF9-4D33-A9C4-424E765F41C6}.Debug_FR|Any CPU.ActiveCfg = FR|Any CPU
		{C2D0CDB2-FDF9-4D33-A9C4-424E765F41C6}.Debug_FR|Any CPU.Build.0 = FR|Any CPU
		{C2D0CDB2-FDF9-4D33-A9C4-424E765F41C6}.Debug_FR|x64.ActiveCfg = FR|x64
		{C2D0CDB2-FDF9-4D33-A9C4-424E765F41C6}.Debug_FR|x64.Build.0 = FR|x64
		{C2D0CDB2-FDF9-4D33-A9C4-424E765F41C6}.Debug_FR|x86.ActiveCfg = FR|x86
		{C2D0CDB2-FDF9-4D33-A9C4-424E765F41C6}.Debug_FR|x86.Build.0 = FR|x86
		{C2D0CDB2-FDF9-4D33-A9C4-424E765F41C6}.Debug_IT|Any CPU.ActiveCfg = IT|Any CPU
		{C2D0CDB2-FDF9-4D33-A9C4-424E765F41C6}.Debug_IT|Any CPU.Build.0 = IT|Any CPU
		{C2D0CDB2-FDF9-4D33-A9C4-424E765F41C6}.Debug_IT|x64.ActiveCfg = IT|x64
		{C2D0CDB2-FDF9-4D33-A9C4-424E765F41C6}.Debug_IT|x64.Build.0 = IT|x64
		{C2D0CDB2-FDF9-4D33-A9C4-424E765F41C6}.Debug_IT|x86.ActiveCfg = IT|x86
		{C2D0CDB2-FDF9-4D33-A9C4-424E765F41C6}.Debug_IT|x86.Build.0 = IT|x86
		{C2D0CDB2-FDF9-4D33-A9C4-424E765F41C6}.Debug_PL|Any CPU.ActiveCfg = PL|Any CPU
		{C2D0CDB2-FDF9-4D33-A9C4-424E765F41C6}.Debug_PL|Any CPU.Build.0 = PL|Any CPU
		{C2D0CDB2-FDF9-4D33-A9C4-424E765F41C6}.Debug_PL|x64.ActiveCfg = PL|x64
		{C2D0CDB2-FDF9-4D33-A9C4-424E765F41C6}.Debug_PL|x64.Build.0 = PL|x64
		{C2D0CDB2-FDF9-4D33-A9C4-424E765F41C6}.Debug_PL|x86.ActiveCfg = PL|x86
		{C2D0CDB2-FDF9-4D33-A9C4-424E765F41C6}.Debug_PL|x86.Build.0 = PL|x86
		{C2D0CDB2-FDF9-4D33-A9C4-424E765F41C6}.Debug_TH|Any CPU.ActiveCfg = TH|Any CPU
		{C2D0CDB2-FDF9-4D33-A9C4-424E765F41C6}.Debug_TH|Any CPU.Build.0 = TH|Any CPU
		{C2D0CDB2-FDF9-4D33-A9C4-424E765F41C6}.Debug_TH|x64.ActiveCfg = Debug|x64
		{C2D0CDB2-FDF9-4D33-A9C4-424E765F41C6}.Debug_TH|x64.Build.0 = Debug|x64
		{C2D0CDB2-FDF9-4D33-A9C4-424E765F41C6}.Debug_TH|x86.ActiveCfg = Debug|x86
		{C2D0CDB2-FDF9-4D33-A9C4-424E765F41C6}.Debug_TH|x86.Build.0 = Debug|x86
		{C2D0CDB2-FDF9-4D33-A9C4-424E765F41C6}.Debug|Any CPU.ActiveCfg = Debug|Any CPU
		{C2D0CDB2-FDF9-4D33-A9C4-424E765F41C6}.Debug|Any CPU.Build.0 = Debug|Any CPU
		{C2D0CDB2-FDF9-4D33-A9C4-424E765F41C6}.Debug|x64.ActiveCfg = Debug|x64
		{C2D0CDB2-FDF9-4D33-A9C4-424E765F41C6}.Debug|x64.Build.0 = Debug|x64
		{C2D0CDB2-FDF9-4D33-A9C4-424E765F41C6}.Debug|x86.ActiveCfg = Debug|x86
		{C2D0CDB2-FDF9-4D33-A9C4-424E765F41C6}.Debug|x86.Build.0 = Debug|x86
		{C2D0CDB2-FDF9-4D33-A9C4-424E765F41C6}.Release|Any CPU.ActiveCfg = Release|Any CPU
		{C2D0CDB2-FDF9-4D33-A9C4-424E765F41C6}.Release|Any CPU.Build.0 = Release|Any CPU
		{C2D0CDB2-FDF9-4D33-A9C4-424E765F41C6}.Release|x64.ActiveCfg = Release|x64
		{C2D0CDB2-FDF9-4D33-A9C4-424E765F41C6}.Release|x64.Build.0 = Release|x64
		{C2D0CDB2-FDF9-4D33-A9C4-424E765F41C6}.Release|x86.ActiveCfg = Release|x86
		{C2D0CDB2-FDF9-4D33-A9C4-424E765F41C6}.Release|x86.Build.0 = Release|x86
		{0D203877-3001-480D-AF8D-FEB33063768D}.Debug_DE|Any CPU.ActiveCfg = Debug|Any CPU
		{0D203877-3001-480D-AF8D-FEB33063768D}.Debug_DE|Any CPU.Build.0 = Debug|Any CPU
		{0D203877-3001-480D-AF8D-FEB33063768D}.Debug_DE|x64.ActiveCfg = Debug|x64
		{0D203877-3001-480D-AF8D-FEB33063768D}.Debug_DE|x64.Build.0 = Debug|x64
		{0D203877-3001-480D-AF8D-FEB33063768D}.Debug_DE|x86.ActiveCfg = Debug|x86
		{0D203877-3001-480D-AF8D-FEB33063768D}.Debug_DE|x86.Build.0 = Debug|x86
		{0D203877-3001-480D-AF8D-FEB33063768D}.Debug_FR|Any CPU.ActiveCfg = Debug|Any CPU
		{0D203877-3001-480D-AF8D-FEB33063768D}.Debug_FR|Any CPU.Build.0 = Debug|Any CPU
		{0D203877-3001-480D-AF8D-FEB33063768D}.Debug_FR|x64.ActiveCfg = Debug|x64
		{0D203877-3001-480D-AF8D-FEB33063768D}.Debug_FR|x64.Build.0 = Debug|x64
		{0D203877-3001-480D-AF8D-FEB33063768D}.Debug_FR|x86.ActiveCfg = Debug|x86
		{0D203877-3001-480D-AF8D-FEB33063768D}.Debug_FR|x86.Build.0 = Debug|x86
		{0D203877-3001-480D-AF8D-FEB33063768D}.Debug_IT|Any CPU.ActiveCfg = Debug|Any CPU
		{0D203877-3001-480D-AF8D-FEB33063768D}.Debug_IT|Any CPU.Build.0 = Debug|Any CPU
		{0D203877-3001-480D-AF8D-FEB33063768D}.Debug_IT|x64.ActiveCfg = Debug|x64
		{0D203877-3001-480D-AF8D-FEB33063768D}.Debug_IT|x64.Build.0 = Debug|x64
		{0D203877-3001-480D-AF8D-FEB33063768D}.Debug_IT|x86.ActiveCfg = Debug|x86
		{0D203877-3001-480D-AF8D-FEB33063768D}.Debug_IT|x86.Build.0 = Debug|x86
		{0D203877-3001-480D-AF8D-FEB33063768D}.Debug_PL|Any CPU.ActiveCfg = Debug|Any CPU
		{0D203877-3001-480D-AF8D-FEB33063768D}.Debug_PL|Any CPU.Build.0 = Debug|Any CPU
		{0D203877-3001-480D-AF8D-FEB33063768D}.Debug_PL|x64.ActiveCfg = Debug|x64
		{0D203877-3001-480D-AF8D-FEB33063768D}.Debug_PL|x64.Build.0 = Debug|x64
		{0D203877-3001-480D-AF8D-FEB33063768D}.Debug_PL|x86.ActiveCfg = Debug|x86
		{0D203877-3001-480D-AF8D-FEB33063768D}.Debug_PL|x86.Build.0 = Debug|x86
		{0D203877-3001-480D-AF8D-FEB33063768D}.Debug_TH|Any CPU.ActiveCfg = Debug|Any CPU
		{0D203877-3001-480D-AF8D-FEB33063768D}.Debug_TH|Any CPU.Build.0 = Debug|Any CPU
		{0D203877-3001-480D-AF8D-FEB33063768D}.Debug_TH|x64.ActiveCfg = Debug|x64
		{0D203877-3001-480D-AF8D-FEB33063768D}.Debug_TH|x64.Build.0 = Debug|x64
		{0D203877-3001-480D-AF8D-FEB33063768D}.Debug_TH|x86.ActiveCfg = Debug|x86
		{0D203877-3001-480D-AF8D-FEB33063768D}.Debug_TH|x86.Build.0 = Debug|x86
		{0D203877-3001-480D-AF8D-FEB33063768D}.Debug|Any CPU.ActiveCfg = Debug|Any CPU
		{0D203877-3001-480D-AF8D-FEB33063768D}.Debug|Any CPU.Build.0 = Debug|Any CPU
		{0D203877-3001-480D-AF8D-FEB33063768D}.Debug|x64.ActiveCfg = Debug|x64
		{0D203877-3001-480D-AF8D-FEB33063768D}.Debug|x64.Build.0 = Debug|x64
		{0D203877-3001-480D-AF8D-FEB33063768D}.Debug|x86.ActiveCfg = Debug|x86
		{0D203877-3001-480D-AF8D-FEB33063768D}.Debug|x86.Build.0 = Debug|x86
		{0D203877-3001-480D-AF8D-FEB33063768D}.Release|Any CPU.ActiveCfg = Release|Any CPU
		{0D203877-3001-480D-AF8D-FEB33063768D}.Release|Any CPU.Build.0 = Release|Any CPU
		{0D203877-3001-480D-AF8D-FEB33063768D}.Release|x64.ActiveCfg = Release|x64
		{0D203877-3001-480D-AF8D-FEB33063768D}.Release|x64.Build.0 = Release|x64
		{0D203877-3001-480D-AF8D-FEB33063768D}.Release|x86.ActiveCfg = Release|x86
		{0D203877-3001-480D-AF8D-FEB33063768D}.Release|x86.Build.0 = Release|x86
		{DC71A6A7-AD0E-4CB0-A2DC-3A79B49BF867}.Debug_DE|Any CPU.ActiveCfg = Debug|Any CPU
		{DC71A6A7-AD0E-4CB0-A2DC-3A79B49BF867}.Debug_DE|Any CPU.Build.0 = Debug|Any CPU
		{DC71A6A7-AD0E-4CB0-A2DC-3A79B49BF867}.Debug_DE|x64.ActiveCfg = Debug|x64
		{DC71A6A7-AD0E-4CB0-A2DC-3A79B49BF867}.Debug_DE|x64.Build.0 = Debug|x64
		{DC71A6A7-AD0E-4CB0-A2DC-3A79B49BF867}.Debug_DE|x86.ActiveCfg = Debug|x86
		{DC71A6A7-AD0E-4CB0-A2DC-3A79B49BF867}.Debug_DE|x86.Build.0 = Debug|x86
		{DC71A6A7-AD0E-4CB0-A2DC-3A79B49BF867}.Debug_FR|Any CPU.ActiveCfg = Debug|Any CPU
		{DC71A6A7-AD0E-4CB0-A2DC-3A79B49BF867}.Debug_FR|Any CPU.Build.0 = Debug|Any CPU
		{DC71A6A7-AD0E-4CB0-A2DC-3A79B49BF867}.Debug_FR|x64.ActiveCfg = Debug|x64
		{DC71A6A7-AD0E-4CB0-A2DC-3A79B49BF867}.Debug_FR|x64.Build.0 = Debug|x64
		{DC71A6A7-AD0E-4CB0-A2DC-3A79B49BF867}.Debug_FR|x86.ActiveCfg = Debug|x86
		{DC71A6A7-AD0E-4CB0-A2DC-3A79B49BF867}.Debug_FR|x86.Build.0 = Debug|x86
		{DC71A6A7-AD0E-4CB0-A2DC-3A79B49BF867}.Debug_IT|Any CPU.ActiveCfg = Debug|Any CPU
		{DC71A6A7-AD0E-4CB0-A2DC-3A79B49BF867}.Debug_IT|Any CPU.Build.0 = Debug|Any CPU
		{DC71A6A7-AD0E-4CB0-A2DC-3A79B49BF867}.Debug_IT|x64.ActiveCfg = Debug|x64
		{DC71A6A7-AD0E-4CB0-A2DC-3A79B49BF867}.Debug_IT|x64.Build.0 = Debug|x64
		{DC71A6A7-AD0E-4CB0-A2DC-3A79B49BF867}.Debug_IT|x86.ActiveCfg = Debug|x86
		{DC71A6A7-AD0E-4CB0-A2DC-3A79B49BF867}.Debug_IT|x86.Build.0 = Debug|x86
		{DC71A6A7-AD0E-4CB0-A2DC-3A79B49BF867}.Debug_PL|Any CPU.ActiveCfg = Debug|Any CPU
		{DC71A6A7-AD0E-4CB0-A2DC-3A79B49BF867}.Debug_PL|Any CPU.Build.0 = Debug|Any CPU
		{DC71A6A7-AD0E-4CB0-A2DC-3A79B49BF867}.Debug_PL|x64.ActiveCfg = Debug|x64
		{DC71A6A7-AD0E-4CB0-A2DC-3A79B49BF867}.Debug_PL|x64.Build.0 = Debug|x64
		{DC71A6A7-AD0E-4CB0-A2DC-3A79B49BF867}.Debug_PL|x86.ActiveCfg = Debug|x86
		{DC71A6A7-AD0E-4CB0-A2DC-3A79B49BF867}.Debug_PL|x86.Build.0 = Debug|x86
		{DC71A6A7-AD0E-4CB0-A2DC-3A79B49BF867}.Debug_TH|Any CPU.ActiveCfg = Debug|Any CPU
		{DC71A6A7-AD0E-4CB0-A2DC-3A79B49BF867}.Debug_TH|Any CPU.Build.0 = Debug|Any CPU
		{DC71A6A7-AD0E-4CB0-A2DC-3A79B49BF867}.Debug_TH|x64.ActiveCfg = Debug|x64
		{DC71A6A7-AD0E-4CB0-A2DC-3A79B49BF867}.Debug_TH|x64.Build.0 = Debug|x64
		{DC71A6A7-AD0E-4CB0-A2DC-3A79B49BF867}.Debug_TH|x86.ActiveCfg = Debug|x86
		{DC71A6A7-AD0E-4CB0-A2DC-3A79B49BF867}.Debug_TH|x86.Build.0 = Debug|x86
		{DC71A6A7-AD0E-4CB0-A2DC-3A79B49BF867}.Debug|Any CPU.ActiveCfg = Debug|Any CPU
		{DC71A6A7-AD0E-4CB0-A2DC-3A79B49BF867}.Debug|Any CPU.Build.0 = Debug|Any CPU
		{DC71A6A7-AD0E-4CB0-A2DC-3A79B49BF867}.Debug|x64.ActiveCfg = Debug|x64
		{DC71A6A7-AD0E-4CB0-A2DC-3A79B49BF867}.Debug|x64.Build.0 = Debug|x64
		{DC71A6A7-AD0E-4CB0-A2DC-3A79B49BF867}.Debug|x86.ActiveCfg = Debug|x86
		{DC71A6A7-AD0E-4CB0-A2DC-3A79B49BF867}.Debug|x86.Build.0 = Debug|x86
		{DC71A6A7-AD0E-4CB0-A2DC-3A79B49BF867}.Release|Any CPU.ActiveCfg = Release|Any CPU
		{DC71A6A7-AD0E-4CB0-A2DC-3A79B49BF867}.Release|Any CPU.Build.0 = Release|Any CPU
		{DC71A6A7-AD0E-4CB0-A2DC-3A79B49BF867}.Release|x64.ActiveCfg = Release|x64
		{DC71A6A7-AD0E-4CB0-A2DC-3A79B49BF867}.Release|x64.Build.0 = Release|x64
		{DC71A6A7-AD0E-4CB0-A2DC-3A79B49BF867}.Release|x86.ActiveCfg = Release|x86
		{DC71A6A7-AD0E-4CB0-A2DC-3A79B49BF867}.Release|x86.Build.0 = Release|x86
		{17391A4A-68FD-49C9-87EA-61CF0B30934B}.Debug_DE|Any CPU.ActiveCfg = Debug|Any CPU
		{17391A4A-68FD-49C9-87EA-61CF0B30934B}.Debug_DE|Any CPU.Build.0 = Debug|Any CPU
		{17391A4A-68FD-49C9-87EA-61CF0B30934B}.Debug_DE|x64.ActiveCfg = Debug|x64
		{17391A4A-68FD-49C9-87EA-61CF0B30934B}.Debug_DE|x64.Build.0 = Debug|x64
		{17391A4A-68FD-49C9-87EA-61CF0B30934B}.Debug_DE|x86.ActiveCfg = Debug|x86
		{17391A4A-68FD-49C9-87EA-61CF0B30934B}.Debug_DE|x86.Build.0 = Debug|x86
		{17391A4A-68FD-49C9-87EA-61CF0B30934B}.Debug_FR|Any CPU.ActiveCfg = Debug|Any CPU
		{17391A4A-68FD-49C9-87EA-61CF0B30934B}.Debug_FR|Any CPU.Build.0 = Debug|Any CPU
		{17391A4A-68FD-49C9-87EA-61CF0B30934B}.Debug_FR|x64.ActiveCfg = Debug|x64
		{17391A4A-68FD-49C9-87EA-61CF0B30934B}.Debug_FR|x64.Build.0 = Debug|x64
		{17391A4A-68FD-49C9-87EA-61CF0B30934B}.Debug_FR|x86.ActiveCfg = Debug|x86
		{17391A4A-68FD-49C9-87EA-61CF0B30934B}.Debug_FR|x86.Build.0 = Debug|x86
		{17391A4A-68FD-49C9-87EA-61CF0B30934B}.Debug_IT|Any CPU.ActiveCfg = Debug|Any CPU
		{17391A4A-68FD-49C9-87EA-61CF0B30934B}.Debug_IT|Any CPU.Build.0 = Debug|Any CPU
		{17391A4A-68FD-49C9-87EA-61CF0B30934B}.Debug_IT|x64.ActiveCfg = Debug|x64
		{17391A4A-68FD-49C9-87EA-61CF0B30934B}.Debug_IT|x64.Build.0 = Debug|x64
		{17391A4A-68FD-49C9-87EA-61CF0B30934B}.Debug_IT|x86.ActiveCfg = Debug|x86
		{17391A4A-68FD-49C9-87EA-61CF0B30934B}.Debug_IT|x86.Build.0 = Debug|x86
		{17391A4A-68FD-49C9-87EA-61CF0B30934B}.Debug_PL|Any CPU.ActiveCfg = Debug|Any CPU
		{17391A4A-68FD-49C9-87EA-61CF0B30934B}.Debug_PL|Any CPU.Build.0 = Debug|Any CPU
		{17391A4A-68FD-49C9-87EA-61CF0B30934B}.Debug_PL|x64.ActiveCfg = Debug|x64
		{17391A4A-68FD-49C9-87EA-61CF0B30934B}.Debug_PL|x64.Build.0 = Debug|x64
		{17391A4A-68FD-49C9-87EA-61CF0B30934B}.Debug_PL|x86.ActiveCfg = Debug|x86
		{17391A4A-68FD-49C9-87EA-61CF0B30934B}.Debug_PL|x86.Build.0 = Debug|x86
		{17391A4A-68FD-49C9-87EA-61CF0B30934B}.Debug_TH|Any CPU.ActiveCfg = Debug|Any CPU
		{17391A4A-68FD-49C9-87EA-61CF0B30934B}.Debug_TH|Any CPU.Build.0 = Debug|Any CPU
		{17391A4A-68FD-49C9-87EA-61CF0B30934B}.Debug_TH|x64.ActiveCfg = Debug|x64
		{17391A4A-68FD-49C9-87EA-61CF0B30934B}.Debug_TH|x64.Build.0 = Debug|x64
		{17391A4A-68FD-49C9-87EA-61CF0B30934B}.Debug_TH|x86.ActiveCfg = Debug|x86
		{17391A4A-68FD-49C9-87EA-61CF0B30934B}.Debug_TH|x86.Build.0 = Debug|x86
		{17391A4A-68FD-49C9-87EA-61CF0B30934B}.Debug|Any CPU.ActiveCfg = Debug|Any CPU
		{17391A4A-68FD-49C9-87EA-61CF0B30934B}.Debug|Any CPU.Build.0 = Debug|Any CPU
		{17391A4A-68FD-49C9-87EA-61CF0B30934B}.Debug|x64.ActiveCfg = Debug|x64
		{17391A4A-68FD-49C9-87EA-61CF0B30934B}.Debug|x64.Build.0 = Debug|x64
		{17391A4A-68FD-49C9-87EA-61CF0B30934B}.Debug|x86.ActiveCfg = Debug|x86
		{17391A4A-68FD-49C9-87EA-61CF0B30934B}.Debug|x86.Build.0 = Debug|x86
		{17391A4A-68FD-49C9-87EA-61CF0B30934B}.Release|Any CPU.ActiveCfg = Release|Any CPU
		{17391A4A-68FD-49C9-87EA-61CF0B30934B}.Release|Any CPU.Build.0 = Release|Any CPU
		{17391A4A-68FD-49C9-87EA-61CF0B30934B}.Release|x64.ActiveCfg = Release|x64
		{17391A4A-68FD-49C9-87EA-61CF0B30934B}.Release|x64.Build.0 = Release|x64
		{17391A4A-68FD-49C9-87EA-61CF0B30934B}.Release|x86.ActiveCfg = Release|x86
		{17391A4A-68FD-49C9-87EA-61CF0B30934B}.Release|x86.Build.0 = Release|x86
		{4AECC47D-098A-4493-8E1E-D10EDBB7A189}.Debug_DE|Any CPU.ActiveCfg = Debug|Any CPU
		{4AECC47D-098A-4493-8E1E-D10EDBB7A189}.Debug_DE|Any CPU.Build.0 = Debug|Any CPU
		{4AECC47D-098A-4493-8E1E-D10EDBB7A189}.Debug_DE|x64.ActiveCfg = Debug|x64
		{4AECC47D-098A-4493-8E1E-D10EDBB7A189}.Debug_DE|x64.Build.0 = Debug|x64
		{4AECC47D-098A-4493-8E1E-D10EDBB7A189}.Debug_DE|x86.ActiveCfg = Debug|x86
		{4AECC47D-098A-4493-8E1E-D10EDBB7A189}.Debug_DE|x86.Build.0 = Debug|x86
		{4AECC47D-098A-4493-8E1E-D10EDBB7A189}.Debug_FR|Any CPU.ActiveCfg = Debug|Any CPU
		{4AECC47D-098A-4493-8E1E-D10EDBB7A189}.Debug_FR|Any CPU.Build.0 = Debug|Any CPU
		{4AECC47D-098A-4493-8E1E-D10EDBB7A189}.Debug_FR|x64.ActiveCfg = Debug|x64
		{4AECC47D-098A-4493-8E1E-D10EDBB7A189}.Debug_FR|x64.Build.0 = Debug|x64
		{4AECC47D-098A-4493-8E1E-D10EDBB7A189}.Debug_FR|x86.ActiveCfg = Debug|x86
		{4AECC47D-098A-4493-8E1E-D10EDBB7A189}.Debug_FR|x86.Build.0 = Debug|x86
		{4AECC47D-098A-4493-8E1E-D10EDBB7A189}.Debug_IT|Any CPU.ActiveCfg = Debug|Any CPU
		{4AECC47D-098A-4493-8E1E-D10EDBB7A189}.Debug_IT|Any CPU.Build.0 = Debug|Any CPU
		{4AECC47D-098A-4493-8E1E-D10EDBB7A189}.Debug_IT|x64.ActiveCfg = Debug|x64
		{4AECC47D-098A-4493-8E1E-D10EDBB7A189}.Debug_IT|x64.Build.0 = Debug|x64
		{4AECC47D-098A-4493-8E1E-D10EDBB7A189}.Debug_IT|x86.ActiveCfg = Debug|x86
		{4AECC47D-098A-4493-8E1E-D10EDBB7A189}.Debug_IT|x86.Build.0 = Debug|x86
		{4AECC47D-098A-4493-8E1E-D10EDBB7A189}.Debug_PL|Any CPU.ActiveCfg = Debug|Any CPU
		{4AECC47D-098A-4493-8E1E-D10EDBB7A189}.Debug_PL|Any CPU.Build.0 = Debug|Any CPU
		{4AECC47D-098A-4493-8E1E-D10EDBB7A189}.Debug_PL|x64.ActiveCfg = Debug|x64
		{4AECC47D-098A-4493-8E1E-D10EDBB7A189}.Debug_PL|x64.Build.0 = Debug|x64
		{4AECC47D-098A-4493-8E1E-D10EDBB7A189}.Debug_PL|x86.ActiveCfg = Debug|x86
		{4AECC47D-098A-4493-8E1E-D10EDBB7A189}.Debug_PL|x86.Build.0 = Debug|x86
		{4AECC47D-098A-4493-8E1E-D10EDBB7A189}.Debug_TH|Any CPU.ActiveCfg = Debug|Any CPU
		{4AECC47D-098A-4493-8E1E-D10EDBB7A189}.Debug_TH|Any CPU.Build.0 = Debug|Any CPU
		{4AECC47D-098A-4493-8E1E-D10EDBB7A189}.Debug_TH|x64.ActiveCfg = Debug|x64
		{4AECC47D-098A-4493-8E1E-D10EDBB7A189}.Debug_TH|x64.Build.0 = Debug|x64
		{4AECC47D-098A-4493-8E1E-D10EDBB7A189}.Debug_TH|x86.ActiveCfg = Debug|x86
		{4AECC47D-098A-4493-8E1E-D10EDBB7A189}.Debug_TH|x86.Build.0 = Debug|x86
		{4AECC47D-098A-4493-8E1E-D10EDBB7A189}.Debug|Any CPU.ActiveCfg = Debug|Any CPU
		{4AECC47D-098A-4493-8E1E-D10EDBB7A189}.Debug|Any CPU.Build.0 = Debug|Any CPU
		{4AECC47D-098A-4493-8E1E-D10EDBB7A189}.Debug|x64.ActiveCfg = Debug|x64
		{4AECC47D-098A-4493-8E1E-D10EDBB7A189}.Debug|x64.Build.0 = Debug|x64
		{4AECC47D-098A-4493-8E1E-D10EDBB7A189}.Debug|x86.ActiveCfg = Debug|x86
		{4AECC47D-098A-4493-8E1E-D10EDBB7A189}.Debug|x86.Build.0 = Debug|x86
		{4AECC47D-098A-4493-8E1E-D10EDBB7A189}.Release|Any CPU.ActiveCfg = Release|Any CPU
		{4AECC47D-098A-4493-8E1E-D10EDBB7A189}.Release|Any CPU.Build.0 = Release|Any CPU
		{4AECC47D-098A-4493-8E1E-D10EDBB7A189}.Release|x64.ActiveCfg = Release|x64
		{4AECC47D-098A-4493-8E1E-D10EDBB7A189}.Release|x64.Build.0 = Release|x64
		{4AECC47D-098A-4493-8E1E-D10EDBB7A189}.Release|x86.ActiveCfg = Release|x86
		{4AECC47D-098A-4493-8E1E-D10EDBB7A189}.Release|x86.Build.0 = Release|x86
		{4BC2B4B0-2A38-4274-98A2-37CEF5F03B42}.Debug_DE|Any CPU.ActiveCfg = Debug|Any CPU
		{4BC2B4B0-2A38-4274-98A2-37CEF5F03B42}.Debug_DE|Any CPU.Build.0 = Debug|Any CPU
		{4BC2B4B0-2A38-4274-98A2-37CEF5F03B42}.Debug_DE|x64.ActiveCfg = Debug|x64
		{4BC2B4B0-2A38-4274-98A2-37CEF5F03B42}.Debug_DE|x64.Build.0 = Debug|x64
		{4BC2B4B0-2A38-4274-98A2-37CEF5F03B42}.Debug_DE|x86.ActiveCfg = Debug|x86
		{4BC2B4B0-2A38-4274-98A2-37CEF5F03B42}.Debug_DE|x86.Build.0 = Debug|x86
		{4BC2B4B0-2A38-4274-98A2-37CEF5F03B42}.Debug_FR|Any CPU.ActiveCfg = Debug|Any CPU
		{4BC2B4B0-2A38-4274-98A2-37CEF5F03B42}.Debug_FR|Any CPU.Build.0 = Debug|Any CPU
		{4BC2B4B0-2A38-4274-98A2-37CEF5F03B42}.Debug_FR|x64.ActiveCfg = Debug|x64
		{4BC2B4B0-2A38-4274-98A2-37CEF5F03B42}.Debug_FR|x64.Build.0 = Debug|x64
		{4BC2B4B0-2A38-4274-98A2-37CEF5F03B42}.Debug_FR|x86.ActiveCfg = Debug|x86
		{4BC2B4B0-2A38-4274-98A2-37CEF5F03B42}.Debug_FR|x86.Build.0 = Debug|x86
		{4BC2B4B0-2A38-4274-98A2-37CEF5F03B42}.Debug_IT|Any CPU.ActiveCfg = Debug|Any CPU
		{4BC2B4B0-2A38-4274-98A2-37CEF5F03B42}.Debug_IT|Any CPU.Build.0 = Debug|Any CPU
		{4BC2B4B0-2A38-4274-98A2-37CEF5F03B42}.Debug_IT|x64.ActiveCfg = Debug|x64
		{4BC2B4B0-2A38-4274-98A2-37CEF5F03B42}.Debug_IT|x64.Build.0 = Debug|x64
		{4BC2B4B0-2A38-4274-98A2-37CEF5F03B42}.Debug_IT|x86.ActiveCfg = Debug|x86
		{4BC2B4B0-2A38-4274-98A2-37CEF5F03B42}.Debug_IT|x86.Build.0 = Debug|x86
		{4BC2B4B0-2A38-4274-98A2-37CEF5F03B42}.Debug_PL|Any CPU.ActiveCfg = Debug|Any CPU
		{4BC2B4B0-2A38-4274-98A2-37CEF5F03B42}.Debug_PL|Any CPU.Build.0 = Debug|Any CPU
		{4BC2B4B0-2A38-4274-98A2-37CEF5F03B42}.Debug_PL|x64.ActiveCfg = Debug|x64
		{4BC2B4B0-2A38-4274-98A2-37CEF5F03B42}.Debug_PL|x64.Build.0 = Debug|x64
		{4BC2B4B0-2A38-4274-98A2-37CEF5F03B42}.Debug_PL|x86.ActiveCfg = Debug|x86
		{4BC2B4B0-2A38-4274-98A2-37CEF5F03B42}.Debug_PL|x86.Build.0 = Debug|x86
		{4BC2B4B0-2A38-4274-98A2-37CEF5F03B42}.Debug_TH|Any CPU.ActiveCfg = Debug|Any CPU
		{4BC2B4B0-2A38-4274-98A2-37CEF5F03B42}.Debug_TH|Any CPU.Build.0 = Debug|Any CPU
		{4BC2B4B0-2A38-4274-98A2-37CEF5F03B42}.Debug_TH|x64.ActiveCfg = Debug|x64
		{4BC2B4B0-2A38-4274-98A2-37CEF5F03B42}.Debug_TH|x64.Build.0 = Debug|x64
		{4BC2B4B0-2A38-4274-98A2-37CEF5F03B42}.Debug_TH|x86.ActiveCfg = Debug|x86
		{4BC2B4B0-2A38-4274-98A2-37CEF5F03B42}.Debug_TH|x86.Build.0 = Debug|x86
		{4BC2B4B0-2A38-4274-98A2-37CEF5F03B42}.Debug|Any CPU.ActiveCfg = Debug|Any CPU
		{4BC2B4B0-2A38-4274-98A2-37CEF5F03B42}.Debug|Any CPU.Build.0 = Debug|Any CPU
		{4BC2B4B0-2A38-4274-98A2-37CEF5F03B42}.Debug|x64.ActiveCfg = Debug|x64
		{4BC2B4B0-2A38-4274-98A2-37CEF5F03B42}.Debug|x64.Build.0 = Debug|x64
		{4BC2B4B0-2A38-4274-98A2-37CEF5F03B42}.Debug|x86.ActiveCfg = Debug|x86
		{4BC2B4B0-2A38-4274-98A2-37CEF5F03B42}.Debug|x86.Build.0 = Debug|x86
		{4BC2B4B0-2A38-4274-98A2-37CEF5F03B42}.Release|Any CPU.ActiveCfg = Release|Any CPU
		{4BC2B4B0-2A38-4274-98A2-37CEF5F03B42}.Release|Any CPU.Build.0 = Release|Any CPU
		{4BC2B4B0-2A38-4274-98A2-37CEF5F03B42}.Release|x64.ActiveCfg = Release|x64
		{4BC2B4B0-2A38-4274-98A2-37CEF5F03B42}.Release|x64.Build.0 = Release|x64
		{4BC2B4B0-2A38-4274-98A2-37CEF5F03B42}.Release|x86.ActiveCfg = Release|x86
		{4BC2B4B0-2A38-4274-98A2-37CEF5F03B42}.Release|x86.Build.0 = Release|x86
		{9AA91BF5-88E7-4130-9F42-73AE206E2916}.Debug_DE|Any CPU.ActiveCfg = Debug|Any CPU
		{9AA91BF5-88E7-4130-9F42-73AE206E2916}.Debug_DE|Any CPU.Build.0 = Debug|Any CPU
		{9AA91BF5-88E7-4130-9F42-73AE206E2916}.Debug_DE|x64.ActiveCfg = Debug|Any CPU
		{9AA91BF5-88E7-4130-9F42-73AE206E2916}.Debug_DE|x64.Build.0 = Debug|Any CPU
		{9AA91BF5-88E7-4130-9F42-73AE206E2916}.Debug_DE|x86.ActiveCfg = Debug|Any CPU
		{9AA91BF5-88E7-4130-9F42-73AE206E2916}.Debug_DE|x86.Build.0 = Debug|Any CPU
		{9AA91BF5-88E7-4130-9F42-73AE206E2916}.Debug_FR|Any CPU.ActiveCfg = Debug|Any CPU
		{9AA91BF5-88E7-4130-9F42-73AE206E2916}.Debug_FR|Any CPU.Build.0 = Debug|Any CPU
		{9AA91BF5-88E7-4130-9F42-73AE206E2916}.Debug_FR|x64.ActiveCfg = Debug|Any CPU
		{9AA91BF5-88E7-4130-9F42-73AE206E2916}.Debug_FR|x64.Build.0 = Debug|Any CPU
		{9AA91BF5-88E7-4130-9F42-73AE206E2916}.Debug_FR|x86.ActiveCfg = Debug|Any CPU
		{9AA91BF5-88E7-4130-9F42-73AE206E2916}.Debug_FR|x86.Build.0 = Debug|Any CPU
		{9AA91BF5-88E7-4130-9F42-73AE206E2916}.Debug_IT|Any CPU.ActiveCfg = Debug|Any CPU
		{9AA91BF5-88E7-4130-9F42-73AE206E2916}.Debug_IT|Any CPU.Build.0 = Debug|Any CPU
		{9AA91BF5-88E7-4130-9F42-73AE206E2916}.Debug_IT|x64.ActiveCfg = Debug|Any CPU
		{9AA91BF5-88E7-4130-9F42-73AE206E2916}.Debug_IT|x64.Build.0 = Debug|Any CPU
		{9AA91BF5-88E7-4130-9F42-73AE206E2916}.Debug_IT|x86.ActiveCfg = Debug|Any CPU
		{9AA91BF5-88E7-4130-9F42-73AE206E2916}.Debug_IT|x86.Build.0 = Debug|Any CPU
		{9AA91BF5-88E7-4130-9F42-73AE206E2916}.Debug_PL|Any CPU.ActiveCfg = Debug|Any CPU
		{9AA91BF5-88E7-4130-9F42-73AE206E2916}.Debug_PL|Any CPU.Build.0 = Debug|Any CPU
		{9AA91BF5-88E7-4130-9F42-73AE206E2916}.Debug_PL|x64.ActiveCfg = Debug|Any CPU
		{9AA91BF5-88E7-4130-9F42-73AE206E2916}.Debug_PL|x64.Build.0 = Debug|Any CPU
		{9AA91BF5-88E7-4130-9F42-73AE206E2916}.Debug_PL|x86.ActiveCfg = Debug|Any CPU
		{9AA91BF5-88E7-4130-9F42-73AE206E2916}.Debug_PL|x86.Build.0 = Debug|Any CPU
		{9AA91BF5-88E7-4130-9F42-73AE206E2916}.Debug_TH|Any CPU.ActiveCfg = Debug|Any CPU
		{9AA91BF5-88E7-4130-9F42-73AE206E2916}.Debug_TH|Any CPU.Build.0 = Debug|Any CPU
		{9AA91BF5-88E7-4130-9F42-73AE206E2916}.Debug_TH|x64.ActiveCfg = Debug|x64
		{9AA91BF5-88E7-4130-9F42-73AE206E2916}.Debug_TH|x86.ActiveCfg = Debug|x86
		{9AA91BF5-88E7-4130-9F42-73AE206E2916}.Debug|Any CPU.ActiveCfg = Debug|Any CPU
		{9AA91BF5-88E7-4130-9F42-73AE206E2916}.Debug|Any CPU.Build.0 = Debug|Any CPU
		{9AA91BF5-88E7-4130-9F42-73AE206E2916}.Debug|x64.ActiveCfg = Debug|x64
		{9AA91BF5-88E7-4130-9F42-73AE206E2916}.Debug|x64.Build.0 = Debug|x64
		{9AA91BF5-88E7-4130-9F42-73AE206E2916}.Debug|x86.ActiveCfg = Debug|x86
		{9AA91BF5-88E7-4130-9F42-73AE206E2916}.Debug|x86.Build.0 = Debug|x86
		{9AA91BF5-88E7-4130-9F42-73AE206E2916}.Release|Any CPU.ActiveCfg = Release|Any CPU
		{9AA91BF5-88E7-4130-9F42-73AE206E2916}.Release|Any CPU.Build.0 = Release|Any CPU
		{9AA91BF5-88E7-4130-9F42-73AE206E2916}.Release|x64.ActiveCfg = Release|Any CPU
		{9AA91BF5-88E7-4130-9F42-73AE206E2916}.Release|x64.Build.0 = Release|Any CPU
		{9AA91BF5-88E7-4130-9F42-73AE206E2916}.Release|x86.ActiveCfg = Release|Any CPU
		{9AA91BF5-88E7-4130-9F42-73AE206E2916}.Release|x86.Build.0 = Release|Any CPU
		{8FABDA5B-C873-4E32-A78F-08A9A4768595}.Debug_DE|Any CPU.ActiveCfg = Debug|Any CPU
		{8FABDA5B-C873-4E32-A78F-08A9A4768595}.Debug_DE|Any CPU.Build.0 = Debug|Any CPU
		{8FABDA5B-C873-4E32-A78F-08A9A4768595}.Debug_DE|x64.ActiveCfg = Debug|Any CPU
		{8FABDA5B-C873-4E32-A78F-08A9A4768595}.Debug_DE|x64.Build.0 = Debug|Any CPU
		{8FABDA5B-C873-4E32-A78F-08A9A4768595}.Debug_DE|x86.ActiveCfg = Debug|Any CPU
		{8FABDA5B-C873-4E32-A78F-08A9A4768595}.Debug_DE|x86.Build.0 = Debug|Any CPU
		{8FABDA5B-C873-4E32-A78F-08A9A4768595}.Debug_FR|Any CPU.ActiveCfg = Debug|Any CPU
		{8FABDA5B-C873-4E32-A78F-08A9A4768595}.Debug_FR|Any CPU.Build.0 = Debug|Any CPU
		{8FABDA5B-C873-4E32-A78F-08A9A4768595}.Debug_FR|x64.ActiveCfg = Debug|Any CPU
		{8FABDA5B-C873-4E32-A78F-08A9A4768595}.Debug_FR|x64.Build.0 = Debug|Any CPU
		{8FABDA5B-C873-4E32-A78F-08A9A4768595}.Debug_FR|x86.ActiveCfg = Debug|Any CPU
		{8FABDA5B-C873-4E32-A78F-08A9A4768595}.Debug_FR|x86.Build.0 = Debug|Any CPU
		{8FABDA5B-C873-4E32-A78F-08A9A4768595}.Debug_IT|Any CPU.ActiveCfg = Debug|Any CPU
		{8FABDA5B-C873-4E32-A78F-08A9A4768595}.Debug_IT|Any CPU.Build.0 = Debug|Any CPU
		{8FABDA5B-C873-4E32-A78F-08A9A4768595}.Debug_IT|x64.ActiveCfg = Debug|Any CPU
		{8FABDA5B-C873-4E32-A78F-08A9A4768595}.Debug_IT|x64.Build.0 = Debug|Any CPU
		{8FABDA5B-C873-4E32-A78F-08A9A4768595}.Debug_IT|x86.ActiveCfg = Debug|Any CPU
		{8FABDA5B-C873-4E32-A78F-08A9A4768595}.Debug_IT|x86.Build.0 = Debug|Any CPU
		{8FABDA5B-C873-4E32-A78F-08A9A4768595}.Debug_PL|Any CPU.ActiveCfg = Debug|Any CPU
		{8FABDA5B-C873-4E32-A78F-08A9A4768595}.Debug_PL|Any CPU.Build.0 = Debug|Any CPU
		{8FABDA5B-C873-4E32-A78F-08A9A4768595}.Debug_PL|x64.ActiveCfg = Debug|Any CPU
		{8FABDA5B-C873-4E32-A78F-08A9A4768595}.Debug_PL|x64.Build.0 = Debug|Any CPU
		{8FABDA5B-C873-4E32-A78F-08A9A4768595}.Debug_PL|x86.ActiveCfg = Debug|Any CPU
		{8FABDA5B-C873-4E32-A78F-08A9A4768595}.Debug_PL|x86.Build.0 = Debug|Any CPU
		{8FABDA5B-C873-4E32-A78F-08A9A4768595}.Debug_TH|Any CPU.ActiveCfg = Debug|Any CPU
		{8FABDA5B-C873-4E32-A78F-08A9A4768595}.Debug_TH|Any CPU.Build.0 = Debug|Any CPU
		{8FABDA5B-C873-4E32-A78F-08A9A4768595}.Debug_TH|x64.ActiveCfg = Debug|x64
		{8FABDA5B-C873-4E32-A78F-08A9A4768595}.Debug_TH|x86.ActiveCfg = Debug|x86
		{8FABDA5B-C873-4E32-A78F-08A9A4768595}.Debug|Any CPU.ActiveCfg = Debug|Any CPU
		{8FABDA5B-C873-4E32-A78F-08A9A4768595}.Debug|Any CPU.Build.0 = Debug|Any CPU
		{8FABDA5B-C873-4E32-A78F-08A9A4768595}.Debug|x64.ActiveCfg = Debug|x64
		{8FABDA5B-C873-4E32-A78F-08A9A4768595}.Debug|x64.Build.0 = Debug|x64
		{8FABDA5B-C873-4E32-A78F-08A9A4768595}.Debug|x86.ActiveCfg = Debug|x86
		{8FABDA5B-C873-4E32-A78F-08A9A4768595}.Debug|x86.Build.0 = Debug|x86
		{8FABDA5B-C873-4E32-A78F-08A9A4768595}.Release|Any CPU.ActiveCfg = Release|Any CPU
		{8FABDA5B-C873-4E32-A78F-08A9A4768595}.Release|Any CPU.Build.0 = Release|Any CPU
		{8FABDA5B-C873-4E32-A78F-08A9A4768595}.Release|x64.ActiveCfg = Release|Any CPU
		{8FABDA5B-C873-4E32-A78F-08A9A4768595}.Release|x64.Build.0 = Release|Any CPU
		{8FABDA5B-C873-4E32-A78F-08A9A4768595}.Release|x86.ActiveCfg = Release|Any CPU
		{8FABDA5B-C873-4E32-A78F-08A9A4768595}.Release|x86.Build.0 = Release|Any CPU
	EndGlobalSection
	GlobalSection(SolutionProperties) = preSolution
		HideSolutionNode = FALSE
	EndGlobalSection
EndGlobal
